
Microsoft Visual Studio Solution File, Format Version 12.00
# Visual Studio 15
VisualStudioVersion = 15.0.28010.2050
MinimumVisualStudioVersion = 10.0.40219.1
Project("{FAE04EC0-301F-11D3-BF4B-00C04F79EFBC}") = "WorkingWithNavigation.Android", "WorkingWithNavigation\WorkingWithNavigation.Android\WorkingWithNavigation.Android.csproj", "{D3A22A8A-E546-4715-ABC3-413A0E145866}"
EndProject
Project("{FAE04EC0-301F-11D3-BF4B-00C04F79EFBC}") = "WorkingWithNavigation", "WorkingWithNavigation\WorkingWithNavigation\WorkingWithNavigation.csproj", "{F3B40A25-C337-4634-B4C5-7BDF97D252C0}"
EndProject
Global
	GlobalSection(SolutionConfigurationPlatforms) = preSolution
		Debug|Any CPU = Debug|Any CPU
		Release|Any CPU = Release|Any CPU
	EndGlobalSection
	GlobalSection(ProjectConfigurationPlatforms) = postSolution
		{D3A22A8A-E546-4715-ABC3-413A0E145866}.Debug|Any CPU.ActiveCfg = Debug|Any CPU
		{D3A22A8A-E546-4715-ABC3-413A0E145866}.Debug|Any CPU.Build.0 = Debug|Any CPU
		{D3A22A8A-E546-4715-ABC3-413A0E145866}.Debug|Any CPU.Deploy.0 = Debug|Any CPU
		{D3A22A8A-E546-4715-ABC3-413A0E145866}.Release|Any CPU.ActiveCfg = Release|Any CPU
		{D3A22A8A-E546-4715-ABC3-413A0E145866}.Release|Any CPU.Build.0 = Release|Any CPU
		{D3A22A8A-E546-4715-ABC3-413A0E145866}.Release|Any CPU.Deploy.0 = Release|Any CPU
		{F3B40A25-C337-4634-B4C5-7BDF97D252C0}.Debug|Any CPU.ActiveCfg = Debug|Any CPU
		{F3B40A25-C337-4634-B4C5-7BDF97D252C0}.Debug|Any CPU.Build.0 = Debug|Any CPU
		{F3B40A25-C337-4634-B4C5-7BDF97D252C0}.Debug|Any CPU.Deploy.0 = Debug|Any CPU
		{F3B40A25-C337-4634-B4C5-7BDF97D252C0}.Release|Any CPU.ActiveCfg = Release|Any CPU
		{F3B40A25-C337-4634-B4C5-7BDF97D252C0}.Release|Any CPU.Build.0 = Release|Any CPU
		{F3B40A25-C337-4634-B4C5-7BDF97D252C0}.Release|Any CPU.Deploy.0 = Release|Any CPU
	EndGlobalSection
	GlobalSection(SolutionProperties) = preSolution
		HideSolutionNode = FALSE
	EndGlobalSection
	GlobalSection(ExtensibilityGlobals) = postSolution
		SolutionGuid = {98073EBA-C2F7-4207-96AB-4F994BB98EFA}
	EndGlobalSection
EndGlobal
