
Microsoft Visual Studio Solution File, Format Version 12.00
# Visual Studio 15
VisualStudioVersion = 15.0.28010.2046
MinimumVisualStudioVersion = 10.0.40219.1
Project("{FAE04EC0-301F-11D3-BF4B-00C04F79EFBC}") = "App1.Android", "App1\App1.Android\App1.Android.csproj", "{32DA5867-C8EB-4CAD-A811-2CCDDD2C27A9}"
EndProject
Project("{FAE04EC0-301F-11D3-BF4B-00C04F79EFBC}") = "App1.iOS", "App1\App1.iOS\App1.iOS.csproj", "{C01E70FC-8B59-4975-A22E-8DABEEDB25BA}"
EndProject
Project("{FAE04EC0-301F-11D3-BF4B-00C04F79EFBC}") = "App1.UWP", "App1\App1.UWP\App1.UWP.csproj", "{6D4DF438-5430-47E4-B738-9D6D58373B24}"
EndProject
Project("{FAE04EC0-301F-11D3-BF4B-00C04F79EFBC}") = "App1", "App1\App1\App1.csproj", "{6F3D3DF6-7BD3-46E1-BD9A-2D4105CE0839}"
EndProject
Global
	GlobalSection(SolutionConfigurationPlatforms) = preSolution
		Ad-Hoc|Any CPU = Ad-Hoc|Any CPU
		Ad-Hoc|ARM = Ad-Hoc|ARM
		Ad-Hoc|iPhone = Ad-Hoc|iPhone
		Ad-Hoc|iPhoneSimulator = Ad-Hoc|iPhoneSimulator
		Ad-Hoc|x64 = Ad-Hoc|x64
		Ad-Hoc|x86 = Ad-Hoc|x86
		AppStore|Any CPU = AppStore|Any CPU
		AppStore|ARM = AppStore|ARM
		AppStore|iPhone = AppStore|iPhone
		AppStore|iPhoneSimulator = AppStore|iPhoneSimulator
		AppStore|x64 = AppStore|x64
		AppStore|x86 = AppStore|x86
		Debug|Any CPU = Debug|Any CPU
		Debug|ARM = Debug|ARM
		Debug|iPhone = Debug|iPhone
		Debug|iPhoneSimulator = Debug|iPhoneSimulator
		Debug|x64 = Debug|x64
		Debug|x86 = Debug|x86
		Release|Any CPU = Release|Any CPU
		Release|ARM = Release|ARM
		Release|iPhone = Release|iPhone
		Release|iPhoneSimulator = Release|iPhoneSimulator
		Release|x64 = Release|x64
		Release|x86 = Release|x86
	EndGlobalSection
	GlobalSection(ProjectConfigurationPlatforms) = postSolution
		{32DA5867-C8EB-4CAD-A811-2CCDDD2C27A9}.Ad-Hoc|Any CPU.ActiveCfg = Release|Any CPU
		{32DA5867-C8EB-4CAD-A811-2CCDDD2C27A9}.Ad-Hoc|Any CPU.Build.0 = Release|Any CPU
		{32DA5867-C8EB-4CAD-A811-2CCDDD2C27A9}.Ad-Hoc|Any CPU.Deploy.0 = Release|Any CPU
		{32DA5867-C8EB-4CAD-A811-2CCDDD2C27A9}.Ad-Hoc|ARM.ActiveCfg = Release|Any CPU
		{32DA5867-C8EB-4CAD-A811-2CCDDD2C27A9}.Ad-Hoc|ARM.Build.0 = Release|Any CPU
		{32DA5867-C8EB-4CAD-A811-2CCDDD2C27A9}.Ad-Hoc|ARM.Deploy.0 = Release|Any CPU
		{32DA5867-C8EB-4CAD-A811-2CCDDD2C27A9}.Ad-Hoc|iPhone.ActiveCfg = Release|Any CPU
		{32DA5867-C8EB-4CAD-A811-2CCDDD2C27A9}.Ad-Hoc|iPhone.Build.0 = Release|Any CPU
		{32DA5867-C8EB-4CAD-A811-2CCDDD2C27A9}.Ad-Hoc|iPhone.Deploy.0 = Release|Any CPU
		{32DA5867-C8EB-4CAD-A811-2CCDDD2C27A9}.Ad-Hoc|iPhoneSimulator.ActiveCfg = Release|Any CPU
		{32DA5867-C8EB-4CAD-A811-2CCDDD2C27A9}.Ad-Hoc|iPhoneSimulator.Build.0 = Release|Any CPU
		{32DA5867-C8EB-4CAD-A811-2CCDDD2C27A9}.Ad-Hoc|iPhoneSimulator.Deploy.0 = Release|Any CPU
		{32DA5867-C8EB-4CAD-A811-2CCDDD2C27A9}.Ad-Hoc|x64.ActiveCfg = Release|Any CPU
		{32DA5867-C8EB-4CAD-A811-2CCDDD2C27A9}.Ad-Hoc|x64.Build.0 = Release|Any CPU
		{32DA5867-C8EB-4CAD-A811-2CCDDD2C27A9}.Ad-Hoc|x64.Deploy.0 = Release|Any CPU
		{32DA5867-C8EB-4CAD-A811-2CCDDD2C27A9}.Ad-Hoc|x86.ActiveCfg = Release|Any CPU
		{32DA5867-C8EB-4CAD-A811-2CCDDD2C27A9}.Ad-Hoc|x86.Build.0 = Release|Any CPU
		{32DA5867-C8EB-4CAD-A811-2CCDDD2C27A9}.Ad-Hoc|x86.Deploy.0 = Release|Any CPU
		{32DA5867-C8EB-4CAD-A811-2CCDDD2C27A9}.AppStore|Any CPU.ActiveCfg = Release|Any CPU
		{32DA5867-C8EB-4CAD-A811-2CCDDD2C27A9}.AppStore|Any CPU.Build.0 = Release|Any CPU
		{32DA5867-C8EB-4CAD-A811-2CCDDD2C27A9}.AppStore|Any CPU.Deploy.0 = Release|Any CPU
		{32DA5867-C8EB-4CAD-A811-2CCDDD2C27A9}.AppStore|ARM.ActiveCfg = Release|Any CPU
		{32DA5867-C8EB-4CAD-A811-2CCDDD2C27A9}.AppStore|ARM.Build.0 = Release|Any CPU
		{32DA5867-C8EB-4CAD-A811-2CCDDD2C27A9}.AppStore|ARM.Deploy.0 = Release|Any CPU
		{32DA5867-C8EB-4CAD-A811-2CCDDD2C27A9}.AppStore|iPhone.ActiveCfg = Release|Any CPU
		{32DA5867-C8EB-4CAD-A811-2CCDDD2C27A9}.AppStore|iPhone.Build.0 = Release|Any CPU
		{32DA5867-C8EB-4CAD-A811-2CCDDD2C27A9}.AppStore|iPhone.Deploy.0 = Release|Any CPU
		{32DA5867-C8EB-4CAD-A811-2CCDDD2C27A9}.AppStore|iPhoneSimulator.ActiveCfg = Release|Any CPU
		{32DA5867-C8EB-4CAD-A811-2CCDDD2C27A9}.AppStore|iPhoneSimulator.Build.0 = Release|Any CPU
		{32DA5867-C8EB-4CAD-A811-2CCDDD2C27A9}.AppStore|iPhoneSimulator.Deploy.0 = Release|Any CPU
		{32DA5867-C8EB-4CAD-A811-2CCDDD2C27A9}.AppStore|x64.ActiveCfg = Release|Any CPU
		{32DA5867-C8EB-4CAD-A811-2CCDDD2C27A9}.AppStore|x64.Build.0 = Release|Any CPU
		{32DA5867-C8EB-4CAD-A811-2CCDDD2C27A9}.AppStore|x64.Deploy.0 = Release|Any CPU
		{32DA5867-C8EB-4CAD-A811-2CCDDD2C27A9}.AppStore|x86.ActiveCfg = Release|Any CPU
		{32DA5867-C8EB-4CAD-A811-2CCDDD2C27A9}.AppStore|x86.Build.0 = Release|Any CPU
		{32DA5867-C8EB-4CAD-A811-2CCDDD2C27A9}.AppStore|x86.Deploy.0 = Release|Any CPU
		{32DA5867-C8EB-4CAD-A811-2CCDDD2C27A9}.Debug|Any CPU.ActiveCfg = Debug|Any CPU
		{32DA5867-C8EB-4CAD-A811-2CCDDD2C27A9}.Debug|Any CPU.Build.0 = Debug|Any CPU
		{32DA5867-C8EB-4CAD-A811-2CCDDD2C27A9}.Debug|Any CPU.Deploy.0 = Debug|Any CPU
		{32DA5867-C8EB-4CAD-A811-2CCDDD2C27A9}.Debug|ARM.ActiveCfg = Debug|Any CPU
		{32DA5867-C8EB-4CAD-A811-2CCDDD2C27A9}.Debug|ARM.Build.0 = Debug|Any CPU
		{32DA5867-C8EB-4CAD-A811-2CCDDD2C27A9}.Debug|ARM.Deploy.0 = Debug|Any CPU
		{32DA5867-C8EB-4CAD-A811-2CCDDD2C27A9}.Debug|iPhone.ActiveCfg = Debug|Any CPU
		{32DA5867-C8EB-4CAD-A811-2CCDDD2C27A9}.Debug|iPhone.Build.0 = Debug|Any CPU
		{32DA5867-C8EB-4CAD-A811-2CCDDD2C27A9}.Debug|iPhone.Deploy.0 = Debug|Any CPU
		{32DA5867-C8EB-4CAD-A811-2CCDDD2C27A9}.Debug|iPhoneSimulator.ActiveCfg = Debug|Any CPU
		{32DA5867-C8EB-4CAD-A811-2CCDDD2C27A9}.Debug|iPhoneSimulator.Build.0 = Debug|Any CPU
		{32DA5867-C8EB-4CAD-A811-2CCDDD2C27A9}.Debug|iPhoneSimulator.Deploy.0 = Debug|Any CPU
		{32DA5867-C8EB-4CAD-A811-2CCDDD2C27A9}.Debug|x64.ActiveCfg = Debug|Any CPU
		{32DA5867-C8EB-4CAD-A811-2CCDDD2C27A9}.Debug|x64.Build.0 = Debug|Any CPU
		{32DA5867-C8EB-4CAD-A811-2CCDDD2C27A9}.Debug|x64.Deploy.0 = Debug|Any CPU
		{32DA5867-C8EB-4CAD-A811-2CCDDD2C27A9}.Debug|x86.ActiveCfg = Debug|Any CPU
		{32DA5867-C8EB-4CAD-A811-2CCDDD2C27A9}.Debug|x86.Build.0 = Debug|Any CPU
		{32DA5867-C8EB-4CAD-A811-2CCDDD2C27A9}.Debug|x86.Deploy.0 = Debug|Any CPU
		{32DA5867-C8EB-4CAD-A811-2CCDDD2C27A9}.Release|Any CPU.ActiveCfg = Release|Any CPU
		{32DA5867-C8EB-4CAD-A811-2CCDDD2C27A9}.Release|Any CPU.Build.0 = Release|Any CPU
		{32DA5867-C8EB-4CAD-A811-2CCDDD2C27A9}.Release|Any CPU.Deploy.0 = Release|Any CPU
		{32DA5867-C8EB-4CAD-A811-2CCDDD2C27A9}.Release|ARM.ActiveCfg = Release|Any CPU
		{32DA5867-C8EB-4CAD-A811-2CCDDD2C27A9}.Release|ARM.Build.0 = Release|Any CPU
		{32DA5867-C8EB-4CAD-A811-2CCDDD2C27A9}.Release|ARM.Deploy.0 = Release|Any CPU
		{32DA5867-C8EB-4CAD-A811-2CCDDD2C27A9}.Release|iPhone.ActiveCfg = Release|Any CPU
		{32DA5867-C8EB-4CAD-A811-2CCDDD2C27A9}.Release|iPhone.Build.0 = Release|Any CPU
		{32DA5867-C8EB-4CAD-A811-2CCDDD2C27A9}.Release|iPhone.Deploy.0 = Release|Any CPU
		{32DA5867-C8EB-4CAD-A811-2CCDDD2C27A9}.Release|iPhoneSimulator.ActiveCfg = Release|Any CPU
		{32DA5867-C8EB-4CAD-A811-2CCDDD2C27A9}.Release|iPhoneSimulator.Build.0 = Release|Any CPU
		{32DA5867-C8EB-4CAD-A811-2CCDDD2C27A9}.Release|iPhoneSimulator.Deploy.0 = Release|Any CPU
		{32DA5867-C8EB-4CAD-A811-2CCDDD2C27A9}.Release|x64.ActiveCfg = Release|Any CPU
		{32DA5867-C8EB-4CAD-A811-2CCDDD2C27A9}.Release|x64.Build.0 = Release|Any CPU
		{32DA5867-C8EB-4CAD-A811-2CCDDD2C27A9}.Release|x64.Deploy.0 = Release|Any CPU
		{32DA5867-C8EB-4CAD-A811-2CCDDD2C27A9}.Release|x86.ActiveCfg = Release|Any CPU
		{32DA5867-C8EB-4CAD-A811-2CCDDD2C27A9}.Release|x86.Build.0 = Release|Any CPU
		{32DA5867-C8EB-4CAD-A811-2CCDDD2C27A9}.Release|x86.Deploy.0 = Release|Any CPU
		{C01E70FC-8B59-4975-A22E-8DABEEDB25BA}.Ad-Hoc|Any CPU.ActiveCfg = Ad-Hoc|iPhone
		{C01E70FC-8B59-4975-A22E-8DABEEDB25BA}.Ad-Hoc|Any CPU.Build.0 = Ad-Hoc|iPhone
		{C01E70FC-8B59-4975-A22E-8DABEEDB25BA}.Ad-Hoc|Any CPU.Deploy.0 = Ad-Hoc|iPhone
		{C01E70FC-8B59-4975-A22E-8DABEEDB25BA}.Ad-Hoc|ARM.ActiveCfg = Ad-Hoc|iPhone
		{C01E70FC-8B59-4975-A22E-8DABEEDB25BA}.Ad-Hoc|ARM.Build.0 = Ad-Hoc|iPhone
		{C01E70FC-8B59-4975-A22E-8DABEEDB25BA}.Ad-Hoc|ARM.Deploy.0 = Ad-Hoc|iPhone
		{C01E70FC-8B59-4975-A22E-8DABEEDB25BA}.Ad-Hoc|iPhone.ActiveCfg = Ad-Hoc|iPhone
		{C01E70FC-8B59-4975-A22E-8DABEEDB25BA}.Ad-Hoc|iPhone.Build.0 = Ad-Hoc|iPhone
		{C01E70FC-8B59-4975-A22E-8DABEEDB25BA}.Ad-Hoc|iPhone.Deploy.0 = Ad-Hoc|iPhone
		{C01E70FC-8B59-4975-A22E-8DABEEDB25BA}.Ad-Hoc|iPhoneSimulator.ActiveCfg = Ad-Hoc|iPhoneSimulator
		{C01E70FC-8B59-4975-A22E-8DABEEDB25BA}.Ad-Hoc|iPhoneSimulator.Build.0 = Ad-Hoc|iPhoneSimulator
		{C01E70FC-8B59-4975-A22E-8DABEEDB25BA}.Ad-Hoc|iPhoneSimulator.Deploy.0 = Ad-Hoc|iPhoneSimulator
		{C01E70FC-8B59-4975-A22E-8DABEEDB25BA}.Ad-Hoc|x64.ActiveCfg = Ad-Hoc|iPhone
		{C01E70FC-8B59-4975-A22E-8DABEEDB25BA}.Ad-Hoc|x64.Build.0 = Ad-Hoc|iPhone
		{C01E70FC-8B59-4975-A22E-8DABEEDB25BA}.Ad-Hoc|x64.Deploy.0 = Ad-Hoc|iPhone
		{C01E70FC-8B59-4975-A22E-8DABEEDB25BA}.Ad-Hoc|x86.ActiveCfg = Ad-Hoc|iPhone
		{C01E70FC-8B59-4975-A22E-8DABEEDB25BA}.Ad-Hoc|x86.Build.0 = Ad-Hoc|iPhone
		{C01E70FC-8B59-4975-A22E-8DABEEDB25BA}.Ad-Hoc|x86.Deploy.0 = Ad-Hoc|iPhone
		{C01E70FC-8B59-4975-A22E-8DABEEDB25BA}.AppStore|Any CPU.ActiveCfg = AppStore|iPhone
		{C01E70FC-8B59-4975-A22E-8DABEEDB25BA}.AppStore|Any CPU.Build.0 = AppStore|iPhone
		{C01E70FC-8B59-4975-A22E-8DABEEDB25BA}.AppStore|Any CPU.Deploy.0 = AppStore|iPhone
		{C01E70FC-8B59-4975-A22E-8DABEEDB25BA}.AppStore|ARM.ActiveCfg = AppStore|iPhone
		{C01E70FC-8B59-4975-A22E-8DABEEDB25BA}.AppStore|ARM.Build.0 = AppStore|iPhone
		{C01E70FC-8B59-4975-A22E-8DABEEDB25BA}.AppStore|ARM.Deploy.0 = AppStore|iPhone
		{C01E70FC-8B59-4975-A22E-8DABEEDB25BA}.AppStore|iPhone.ActiveCfg = AppStore|iPhone
		{C01E70FC-8B59-4975-A22E-8DABEEDB25BA}.AppStore|iPhone.Build.0 = AppStore|iPhone
		{C01E70FC-8B59-4975-A22E-8DABEEDB25BA}.AppStore|iPhone.Deploy.0 = AppStore|iPhone
		{C01E70FC-8B59-4975-A22E-8DABEEDB25BA}.AppStore|iPhoneSimulator.ActiveCfg = AppStore|iPhoneSimulator
		{C01E70FC-8B59-4975-A22E-8DABEEDB25BA}.AppStore|iPhoneSimulator.Build.0 = AppStore|iPhoneSimulator
		{C01E70FC-8B59-4975-A22E-8DABEEDB25BA}.AppStore|iPhoneSimulator.Deploy.0 = AppStore|iPhoneSimulator
		{C01E70FC-8B59-4975-A22E-8DABEEDB25BA}.AppStore|x64.ActiveCfg = AppStore|iPhone
		{C01E70FC-8B59-4975-A22E-8DABEEDB25BA}.AppStore|x64.Build.0 = AppStore|iPhone
		{C01E70FC-8B59-4975-A22E-8DABEEDB25BA}.AppStore|x64.Deploy.0 = AppStore|iPhone
		{C01E70FC-8B59-4975-A22E-8DABEEDB25BA}.AppStore|x86.ActiveCfg = AppStore|iPhone
		{C01E70FC-8B59-4975-A22E-8DABEEDB25BA}.AppStore|x86.Build.0 = AppStore|iPhone
		{C01E70FC-8B59-4975-A22E-8DABEEDB25BA}.AppStore|x86.Deploy.0 = AppStore|iPhone
		{C01E70FC-8B59-4975-A22E-8DABEEDB25BA}.Debug|Any CPU.ActiveCfg = Debug|iPhoneSimulator
		{C01E70FC-8B59-4975-A22E-8DABEEDB25BA}.Debug|Any CPU.Build.0 = Debug|iPhoneSimulator
		{C01E70FC-8B59-4975-A22E-8DABEEDB25BA}.Debug|Any CPU.Deploy.0 = Debug|iPhoneSimulator
		{C01E70FC-8B59-4975-A22E-8DABEEDB25BA}.Debug|ARM.ActiveCfg = Debug|iPhone
		{C01E70FC-8B59-4975-A22E-8DABEEDB25BA}.Debug|ARM.Build.0 = Debug|iPhone
		{C01E70FC-8B59-4975-A22E-8DABEEDB25BA}.Debug|ARM.Deploy.0 = Debug|iPhone
		{C01E70FC-8B59-4975-A22E-8DABEEDB25BA}.Debug|iPhone.ActiveCfg = Debug|iPhone
		{C01E70FC-8B59-4975-A22E-8DABEEDB25BA}.Debug|iPhone.Build.0 = Debug|iPhone
		{C01E70FC-8B59-4975-A22E-8DABEEDB25BA}.Debug|iPhone.Deploy.0 = Debug|iPhone
		{C01E70FC-8B59-4975-A22E-8DABEEDB25BA}.Debug|iPhoneSimulator.ActiveCfg = Debug|iPhoneSimulator
		{C01E70FC-8B59-4975-A22E-8DABEEDB25BA}.Debug|iPhoneSimulator.Build.0 = Debug|iPhoneSimulator
		{C01E70FC-8B59-4975-A22E-8DABEEDB25BA}.Debug|iPhoneSimulator.Deploy.0 = Debug|iPhoneSimulator
		{C01E70FC-8B59-4975-A22E-8DABEEDB25BA}.Debug|x64.ActiveCfg = Debug|iPhone
		{C01E70FC-8B59-4975-A22E-8DABEEDB25BA}.Debug|x64.Build.0 = Debug|iPhone
		{C01E70FC-8B59-4975-A22E-8DABEEDB25BA}.Debug|x64.Deploy.0 = Debug|iPhone
		{C01E70FC-8B59-4975-A22E-8DABEEDB25BA}.Debug|x86.ActiveCfg = Debug|iPhone
		{C01E70FC-8B59-4975-A22E-8DABEEDB25BA}.Debug|x86.Build.0 = Debug|iPhone
		{C01E70FC-8B59-4975-A22E-8DABEEDB25BA}.Debug|x86.Deploy.0 = Debug|iPhone
		{C01E70FC-8B59-4975-A22E-8DABEEDB25BA}.Release|Any CPU.ActiveCfg = Release|iPhone
		{C01E70FC-8B59-4975-A22E-8DABEEDB25BA}.Release|Any CPU.Build.0 = Release|iPhone
		{C01E70FC-8B59-4975-A22E-8DABEEDB25BA}.Release|Any CPU.Deploy.0 = Release|iPhone
		{C01E70FC-8B59-4975-A22E-8DABEEDB25BA}.Release|ARM.ActiveCfg = Release|iPhone
		{C01E70FC-8B59-4975-A22E-8DABEEDB25BA}.Release|ARM.Build.0 = Release|iPhone
		{C01E70FC-8B59-4975-A22E-8DABEEDB25BA}.Release|ARM.Deploy.0 = Release|iPhone
		{C01E70FC-8B59-4975-A22E-8DABEEDB25BA}.Release|iPhone.ActiveCfg = Release|iPhone
		{C01E70FC-8B59-4975-A22E-8DABEEDB25BA}.Release|iPhone.Build.0 = Release|iPhone
		{C01E70FC-8B59-4975-A22E-8DABEEDB25BA}.Release|iPhone.Deploy.0 = Release|iPhone
		{C01E70FC-8B59-4975-A22E-8DABEEDB25BA}.Release|iPhoneSimulator.ActiveCfg = Release|iPhoneSimulator
		{C01E70FC-8B59-4975-A22E-8DABEEDB25BA}.Release|iPhoneSimulator.Build.0 = Release|iPhoneSimulator
		{C01E70FC-8B59-4975-A22E-8DABEEDB25BA}.Release|iPhoneSimulator.Deploy.0 = Release|iPhoneSimulator
		{C01E70FC-8B59-4975-A22E-8DABEEDB25BA}.Release|x64.ActiveCfg = Release|iPhone
		{C01E70FC-8B59-4975-A22E-8DABEEDB25BA}.Release|x64.Build.0 = Release|iPhone
		{C01E70FC-8B59-4975-A22E-8DABEEDB25BA}.Release|x64.Deploy.0 = Release|iPhone
		{C01E70FC-8B59-4975-A22E-8DABEEDB25BA}.Release|x86.ActiveCfg = Release|iPhone
		{C01E70FC-8B59-4975-A22E-8DABEEDB25BA}.Release|x86.Build.0 = Release|iPhone
		{C01E70FC-8B59-4975-A22E-8DABEEDB25BA}.Release|x86.Deploy.0 = Release|iPhone
		{6D4DF438-5430-47E4-B738-9D6D58373B24}.Ad-Hoc|Any CPU.ActiveCfg = Release|x86
		{6D4DF438-5430-47E4-B738-9D6D58373B24}.Ad-Hoc|Any CPU.Build.0 = Release|x86
		{6D4DF438-5430-47E4-B738-9D6D58373B24}.Ad-Hoc|Any CPU.Deploy.0 = Release|x86
		{6D4DF438-5430-47E4-B738-9D6D58373B24}.Ad-Hoc|ARM.ActiveCfg = Release|ARM
		{6D4DF438-5430-47E4-B738-9D6D58373B24}.Ad-Hoc|ARM.Build.0 = Release|ARM
		{6D4DF438-5430-47E4-B738-9D6D58373B24}.Ad-Hoc|ARM.Deploy.0 = Release|ARM
		{6D4DF438-5430-47E4-B738-9D6D58373B24}.Ad-Hoc|iPhone.ActiveCfg = Release|x86
		{6D4DF438-5430-47E4-B738-9D6D58373B24}.Ad-Hoc|iPhone.Build.0 = Release|x86
		{6D4DF438-5430-47E4-B738-9D6D58373B24}.Ad-Hoc|iPhone.Deploy.0 = Release|x86
		{6D4DF438-5430-47E4-B738-9D6D58373B24}.Ad-Hoc|iPhoneSimulator.ActiveCfg = Release|x86
		{6D4DF438-5430-47E4-B738-9D6D58373B24}.Ad-Hoc|iPhoneSimulator.Build.0 = Release|x86
		{6D4DF438-5430-47E4-B738-9D6D58373B24}.Ad-Hoc|iPhoneSimulator.Deploy.0 = Release|x86
		{6D4DF438-5430-47E4-B738-9D6D58373B24}.Ad-Hoc|x64.ActiveCfg = Release|x64
		{6D4DF438-5430-47E4-B738-9D6D58373B24}.Ad-Hoc|x64.Build.0 = Release|x64
		{6D4DF438-5430-47E4-B738-9D6D58373B24}.Ad-Hoc|x64.Deploy.0 = Release|x64
		{6D4DF438-5430-47E4-B738-9D6D58373B24}.Ad-Hoc|x86.ActiveCfg = Release|x86
		{6D4DF438-5430-47E4-B738-9D6D58373B24}.Ad-Hoc|x86.Build.0 = Release|x86
		{6D4DF438-5430-47E4-B738-9D6D58373B24}.Ad-Hoc|x86.Deploy.0 = Release|x86
		{6D4DF438-5430-47E4-B738-9D6D58373B24}.AppStore|Any CPU.ActiveCfg = Release|x86
		{6D4DF438-5430-47E4-B738-9D6D58373B24}.AppStore|Any CPU.Build.0 = Release|x86
		{6D4DF438-5430-47E4-B738-9D6D58373B24}.AppStore|Any CPU.Deploy.0 = Release|x86
		{6D4DF438-5430-47E4-B738-9D6D58373B24}.AppStore|ARM.ActiveCfg = Release|ARM
		{6D4DF438-5430-47E4-B738-9D6D58373B24}.AppStore|ARM.Build.0 = Release|ARM
		{6D4DF438-5430-47E4-B738-9D6D58373B24}.AppStore|ARM.Deploy.0 = Release|ARM
		{6D4DF438-5430-47E4-B738-9D6D58373B24}.AppStore|iPhone.ActiveCfg = Release|x86
		{6D4DF438-5430-47E4-B738-9D6D58373B24}.AppStore|iPhone.Build.0 = Release|x86
		{6D4DF438-5430-47E4-B738-9D6D58373B24}.AppStore|iPhone.Deploy.0 = Release|x86
		{6D4DF438-5430-47E4-B738-9D6D58373B24}.AppStore|iPhoneSimulator.ActiveCfg = Release|x86
		{6D4DF438-5430-47E4-B738-9D6D58373B24}.AppStore|iPhoneSimulator.Build.0 = Release|x86
		{6D4DF438-5430-47E4-B738-9D6D58373B24}.AppStore|iPhoneSimulator.Deploy.0 = Release|x86
		{6D4DF438-5430-47E4-B738-9D6D58373B24}.AppStore|x64.ActiveCfg = Release|x64
		{6D4DF438-5430-47E4-B738-9D6D58373B24}.AppStore|x64.Build.0 = Release|x64
		{6D4DF438-5430-47E4-B738-9D6D58373B24}.AppStore|x64.Deploy.0 = Release|x64
		{6D4DF438-5430-47E4-B738-9D6D58373B24}.AppStore|x86.ActiveCfg = Release|x86
		{6D4DF438-5430-47E4-B738-9D6D58373B24}.AppStore|x86.Build.0 = Release|x86
		{6D4DF438-5430-47E4-B738-9D6D58373B24}.AppStore|x86.Deploy.0 = Release|x86
		{6D4DF438-5430-47E4-B738-9D6D58373B24}.Debug|Any CPU.ActiveCfg = Debug|x86
		{6D4DF438-5430-47E4-B738-9D6D58373B24}.Debug|Any CPU.Build.0 = Debug|x86
		{6D4DF438-5430-47E4-B738-9D6D58373B24}.Debug|Any CPU.Deploy.0 = Debug|x86
		{6D4DF438-5430-47E4-B738-9D6D58373B24}.Debug|ARM.ActiveCfg = Debug|ARM
		{6D4DF438-5430-47E4-B738-9D6D58373B24}.Debug|ARM.Build.0 = Debug|ARM
		{6D4DF438-5430-47E4-B738-9D6D58373B24}.Debug|ARM.Deploy.0 = Debug|ARM
		{6D4DF438-5430-47E4-B738-9D6D58373B24}.Debug|iPhone.ActiveCfg = Debug|x86
		{6D4DF438-5430-47E4-B738-9D6D58373B24}.Debug|iPhone.Build.0 = Debug|x86
		{6D4DF438-5430-47E4-B738-9D6D58373B24}.Debug|iPhone.Deploy.0 = Debug|x86
		{6D4DF438-5430-47E4-B738-9D6D58373B24}.Debug|iPhoneSimulator.ActiveCfg = Debug|x86
		{6D4DF438-5430-47E4-B738-9D6D58373B24}.Debug|iPhoneSimulator.Build.0 = Debug|x86
		{6D4DF438-5430-47E4-B738-9D6D58373B24}.Debug|iPhoneSimulator.Deploy.0 = Debug|x86
		{6D4DF438-5430-47E4-B738-9D6D58373B24}.Debug|x64.ActiveCfg = Debug|x64
		{6D4DF438-5430-47E4-B738-9D6D58373B24}.Debug|x64.Build.0 = Debug|x64
		{6D4DF438-5430-47E4-B738-9D6D58373B24}.Debug|x64.Deploy.0 = Debug|x64
		{6D4DF438-5430-47E4-B738-9D6D58373B24}.Debug|x86.ActiveCfg = Debug|x86
		{6D4DF438-5430-47E4-B738-9D6D58373B24}.Debug|x86.Build.0 = Debug|x86
		{6D4DF438-5430-47E4-B738-9D6D58373B24}.Debug|x86.Deploy.0 = Debug|x86
		{6D4DF438-5430-47E4-B738-9D6D58373B24}.Release|Any CPU.ActiveCfg = Release|x86
		{6D4DF438-5430-47E4-B738-9D6D58373B24}.Release|Any CPU.Build.0 = Release|x86
		{6D4DF438-5430-47E4-B738-9D6D58373B24}.Release|Any CPU.Deploy.0 = Release|x86
		{6D4DF438-5430-47E4-B738-9D6D58373B24}.Release|ARM.ActiveCfg = Release|ARM
		{6D4DF438-5430-47E4-B738-9D6D58373B24}.Release|ARM.Build.0 = Release|ARM
		{6D4DF438-5430-47E4-B738-9D6D58373B24}.Release|ARM.Deploy.0 = Release|ARM
		{6D4DF438-5430-47E4-B738-9D6D58373B24}.Release|iPhone.ActiveCfg = Release|x86
		{6D4DF438-5430-47E4-B738-9D6D58373B24}.Release|iPhone.Build.0 = Release|x86
		{6D4DF438-5430-47E4-B738-9D6D58373B24}.Release|iPhone.Deploy.0 = Release|x86
		{6D4DF438-5430-47E4-B738-9D6D58373B24}.Release|iPhoneSimulator.ActiveCfg = Release|x86
		{6D4DF438-5430-47E4-B738-9D6D58373B24}.Release|iPhoneSimulator.Build.0 = Release|x86
		{6D4DF438-5430-47E4-B738-9D6D58373B24}.Release|iPhoneSimulator.Deploy.0 = Release|x86
		{6D4DF438-5430-47E4-B738-9D6D58373B24}.Release|x64.ActiveCfg = Release|x64
		{6D4DF438-5430-47E4-B738-9D6D58373B24}.Release|x64.Build.0 = Release|x64
		{6D4DF438-5430-47E4-B738-9D6D58373B24}.Release|x64.Deploy.0 = Release|x64
		{6D4DF438-5430-47E4-B738-9D6D58373B24}.Release|x86.ActiveCfg = Release|x86
		{6D4DF438-5430-47E4-B738-9D6D58373B24}.Release|x86.Build.0 = Release|x86
		{6D4DF438-5430-47E4-B738-9D6D58373B24}.Release|x86.Deploy.0 = Release|x86
		{6F3D3DF6-7BD3-46E1-BD9A-2D4105CE0839}.Ad-Hoc|Any CPU.ActiveCfg = Debug|Any CPU
		{6F3D3DF6-7BD3-46E1-BD9A-2D4105CE0839}.Ad-Hoc|Any CPU.Build.0 = Debug|Any CPU
		{6F3D3DF6-7BD3-46E1-BD9A-2D4105CE0839}.Ad-Hoc|Any CPU.Deploy.0 = Debug|Any CPU
		{6F3D3DF6-7BD3-46E1-BD9A-2D4105CE0839}.Ad-Hoc|ARM.ActiveCfg = Debug|Any CPU
		{6F3D3DF6-7BD3-46E1-BD9A-2D4105CE0839}.Ad-Hoc|ARM.Build.0 = Debug|Any CPU
		{6F3D3DF6-7BD3-46E1-BD9A-2D4105CE0839}.Ad-Hoc|ARM.Deploy.0 = Debug|Any CPU
		{6F3D3DF6-7BD3-46E1-BD9A-2D4105CE0839}.Ad-Hoc|iPhone.ActiveCfg = Debug|Any CPU
		{6F3D3DF6-7BD3-46E1-BD9A-2D4105CE0839}.Ad-Hoc|iPhone.Build.0 = Debug|Any CPU
		{6F3D3DF6-7BD3-46E1-BD9A-2D4105CE0839}.Ad-Hoc|iPhone.Deploy.0 = Debug|Any CPU
		{6F3D3DF6-7BD3-46E1-BD9A-2D4105CE0839}.Ad-Hoc|iPhoneSimulator.ActiveCfg = Debug|Any CPU
		{6F3D3DF6-7BD3-46E1-BD9A-2D4105CE0839}.Ad-Hoc|iPhoneSimulator.Build.0 = Debug|Any CPU
		{6F3D3DF6-7BD3-46E1-BD9A-2D4105CE0839}.Ad-Hoc|iPhoneSimulator.Deploy.0 = Debug|Any CPU
		{6F3D3DF6-7BD3-46E1-BD9A-2D4105CE0839}.Ad-Hoc|x64.ActiveCfg = Debug|Any CPU
		{6F3D3DF6-7BD3-46E1-BD9A-2D4105CE0839}.Ad-Hoc|x64.Build.0 = Debug|Any CPU
		{6F3D3DF6-7BD3-46E1-BD9A-2D4105CE0839}.Ad-Hoc|x64.Deploy.0 = Debug|Any CPU
		{6F3D3DF6-7BD3-46E1-BD9A-2D4105CE0839}.Ad-Hoc|x86.ActiveCfg = Debug|Any CPU
		{6F3D3DF6-7BD3-46E1-BD9A-2D4105CE0839}.Ad-Hoc|x86.Build.0 = Debug|Any CPU
		{6F3D3DF6-7BD3-46E1-BD9A-2D4105CE0839}.Ad-Hoc|x86.Deploy.0 = Debug|Any CPU
		{6F3D3DF6-7BD3-46E1-BD9A-2D4105CE0839}.AppStore|Any CPU.ActiveCfg = Debug|Any CPU
		{6F3D3DF6-7BD3-46E1-BD9A-2D4105CE0839}.AppStore|Any CPU.Build.0 = Debug|Any CPU
		{6F3D3DF6-7BD3-46E1-BD9A-2D4105CE0839}.AppStore|Any CPU.Deploy.0 = Debug|Any CPU
		{6F3D3DF6-7BD3-46E1-BD9A-2D4105CE0839}.AppStore|ARM.ActiveCfg = Debug|Any CPU
		{6F3D3DF6-7BD3-46E1-BD9A-2D4105CE0839}.AppStore|ARM.Build.0 = Debug|Any CPU
		{6F3D3DF6-7BD3-46E1-BD9A-2D4105CE0839}.AppStore|ARM.Deploy.0 = Debug|Any CPU
		{6F3D3DF6-7BD3-46E1-BD9A-2D4105CE0839}.AppStore|iPhone.ActiveCfg = Debug|Any CPU
		{6F3D3DF6-7BD3-46E1-BD9A-2D4105CE0839}.AppStore|iPhone.Build.0 = Debug|Any CPU
		{6F3D3DF6-7BD3-46E1-BD9A-2D4105CE0839}.AppStore|iPhone.Deploy.0 = Debug|Any CPU
		{6F3D3DF6-7BD3-46E1-BD9A-2D4105CE0839}.AppStore|iPhoneSimulator.ActiveCfg = Debug|Any CPU
		{6F3D3DF6-7BD3-46E1-BD9A-2D4105CE0839}.AppStore|iPhoneSimulator.Build.0 = Debug|Any CPU
		{6F3D3DF6-7BD3-46E1-BD9A-2D4105CE0839}.AppStore|iPhoneSimulator.Deploy.0 = Debug|Any CPU
		{6F3D3DF6-7BD3-46E1-BD9A-2D4105CE0839}.AppStore|x64.ActiveCfg = Debug|Any CPU
		{6F3D3DF6-7BD3-46E1-BD9A-2D4105CE0839}.AppStore|x64.Build.0 = Debug|Any CPU
		{6F3D3DF6-7BD3-46E1-BD9A-2D4105CE0839}.AppStore|x64.Deploy.0 = Debug|Any CPU
		{6F3D3DF6-7BD3-46E1-BD9A-2D4105CE0839}.AppStore|x86.ActiveCfg = Debug|Any CPU
		{6F3D3DF6-7BD3-46E1-BD9A-2D4105CE0839}.AppStore|x86.Build.0 = Debug|Any CPU
		{6F3D3DF6-7BD3-46E1-BD9A-2D4105CE0839}.AppStore|x86.Deploy.0 = Debug|Any CPU
		{6F3D3DF6-7BD3-46E1-BD9A-2D4105CE0839}.Debug|Any CPU.ActiveCfg = Debug|Any CPU
		{6F3D3DF6-7BD3-46E1-BD9A-2D4105CE0839}.Debug|Any CPU.Build.0 = Debug|Any CPU
		{6F3D3DF6-7BD3-46E1-BD9A-2D4105CE0839}.Debug|Any CPU.Deploy.0 = Debug|Any CPU
		{6F3D3DF6-7BD3-46E1-BD9A-2D4105CE0839}.Debug|ARM.ActiveCfg = Debug|Any CPU
		{6F3D3DF6-7BD3-46E1-BD9A-2D4105CE0839}.Debug|ARM.Build.0 = Debug|Any CPU
		{6F3D3DF6-7BD3-46E1-BD9A-2D4105CE0839}.Debug|ARM.Deploy.0 = Debug|Any CPU
		{6F3D3DF6-7BD3-46E1-BD9A-2D4105CE0839}.Debug|iPhone.ActiveCfg = Debug|Any CPU
		{6F3D3DF6-7BD3-46E1-BD9A-2D4105CE0839}.Debug|iPhone.Build.0 = Debug|Any CPU
		{6F3D3DF6-7BD3-46E1-BD9A-2D4105CE0839}.Debug|iPhone.Deploy.0 = Debug|Any CPU
		{6F3D3DF6-7BD3-46E1-BD9A-2D4105CE0839}.Debug|iPhoneSimulator.ActiveCfg = Debug|Any CPU
		{6F3D3DF6-7BD3-46E1-BD9A-2D4105CE0839}.Debug|iPhoneSimulator.Build.0 = Debug|Any CPU
		{6F3D3DF6-7BD3-46E1-BD9A-2D4105CE0839}.Debug|iPhoneSimulator.Deploy.0 = Debug|Any CPU
		{6F3D3DF6-7BD3-46E1-BD9A-2D4105CE0839}.Debug|x64.ActiveCfg = Debug|Any CPU
		{6F3D3DF6-7BD3-46E1-BD9A-2D4105CE0839}.Debug|x64.Build.0 = Debug|Any CPU
		{6F3D3DF6-7BD3-46E1-BD9A-2D4105CE0839}.Debug|x64.Deploy.0 = Debug|Any CPU
		{6F3D3DF6-7BD3-46E1-BD9A-2D4105CE0839}.Debug|x86.ActiveCfg = Debug|Any CPU
		{6F3D3DF6-7BD3-46E1-BD9A-2D4105CE0839}.Debug|x86.Build.0 = Debug|Any CPU
		{6F3D3DF6-7BD3-46E1-BD9A-2D4105CE0839}.Debug|x86.Deploy.0 = Debug|Any CPU
		{6F3D3DF6-7BD3-46E1-BD9A-2D4105CE0839}.Release|Any CPU.ActiveCfg = Release|Any CPU
		{6F3D3DF6-7BD3-46E1-BD9A-2D4105CE0839}.Release|Any CPU.Build.0 = Release|Any CPU
		{6F3D3DF6-7BD3-46E1-BD9A-2D4105CE0839}.Release|Any CPU.Deploy.0 = Release|Any CPU
		{6F3D3DF6-7BD3-46E1-BD9A-2D4105CE0839}.Release|ARM.ActiveCfg = Release|Any CPU
		{6F3D3DF6-7BD3-46E1-BD9A-2D4105CE0839}.Release|ARM.Build.0 = Release|Any CPU
		{6F3D3DF6-7BD3-46E1-BD9A-2D4105CE0839}.Release|ARM.Deploy.0 = Release|Any CPU
		{6F3D3DF6-7BD3-46E1-BD9A-2D4105CE0839}.Release|iPhone.ActiveCfg = Release|Any CPU
		{6F3D3DF6-7BD3-46E1-BD9A-2D4105CE0839}.Release|iPhone.Build.0 = Release|Any CPU
		{6F3D3DF6-7BD3-46E1-BD9A-2D4105CE0839}.Release|iPhone.Deploy.0 = Release|Any CPU
		{6F3D3DF6-7BD3-46E1-BD9A-2D4105CE0839}.Release|iPhoneSimulator.ActiveCfg = Release|Any CPU
		{6F3D3DF6-7BD3-46E1-BD9A-2D4105CE0839}.Release|iPhoneSimulator.Build.0 = Release|Any CPU
		{6F3D3DF6-7BD3-46E1-BD9A-2D4105CE0839}.Release|iPhoneSimulator.Deploy.0 = Release|Any CPU
		{6F3D3DF6-7BD3-46E1-BD9A-2D4105CE0839}.Release|x64.ActiveCfg = Release|Any CPU
		{6F3D3DF6-7BD3-46E1-BD9A-2D4105CE0839}.Release|x64.Build.0 = Release|Any CPU
		{6F3D3DF6-7BD3-46E1-BD9A-2D4105CE0839}.Release|x64.Deploy.0 = Release|Any CPU
		{6F3D3DF6-7BD3-46E1-BD9A-2D4105CE0839}.Release|x86.ActiveCfg = Release|Any CPU
		{6F3D3DF6-7BD3-46E1-BD9A-2D4105CE0839}.Release|x86.Build.0 = Release|Any CPU
		{6F3D3DF6-7BD3-46E1-BD9A-2D4105CE0839}.Release|x86.Deploy.0 = Release|Any CPU
	EndGlobalSection
	GlobalSection(SolutionProperties) = preSolution
		HideSolutionNode = FALSE
	EndGlobalSection
	GlobalSection(ExtensibilityGlobals) = postSolution
		SolutionGuid = {9AAD9FA4-76AF-4D18-A8D0-C65CE845D5C1}
	EndGlobalSection
EndGlobal
