
Microsoft Visual Studio Solution File, Format Version 12.00
# Visual Studio 15
VisualStudioVersion = 15.0.28010.2050
MinimumVisualStudioVersion = 10.0.40219.1
Project("{FAE04EC0-301F-11D3-BF4B-00C04F79EFBC}") = "SQLiteTest.Android", "SQLiteTest\SQLiteTest.Android\SQLiteTest.Android.csproj", "{9B8904F3-FAC0-4D03-A702-CE18D903DAD0}"
EndProject
Project("{FAE04EC0-301F-11D3-BF4B-00C04F79EFBC}") = "SQLiteTest.iOS", "SQLiteTest\SQLiteTest.iOS\SQLiteTest.iOS.csproj", "{4DB35B13-6637-4BF0-8C6D-716E187D3BD3}"
EndProject
Project("{FAE04EC0-301F-11D3-BF4B-00C04F79EFBC}") = "SQLiteTest", "SQLiteTest\SQLiteTest\SQLiteTest.csproj", "{E8F64FD4-1240-4193-914E-9C3F1463DD94}"
EndProject
Global
	GlobalSection(SolutionConfigurationPlatforms) = preSolution
		Ad-Hoc|Any CPU = Ad-Hoc|Any CPU
		Ad-Hoc|iPhone = Ad-Hoc|iPhone
		Ad-Hoc|iPhoneSimulator = Ad-Hoc|iPhoneSimulator
		AppStore|Any CPU = AppStore|Any CPU
		AppStore|iPhone = AppStore|iPhone
		AppStore|iPhoneSimulator = AppStore|iPhoneSimulator
		Debug|Any CPU = Debug|Any CPU
		Debug|iPhone = Debug|iPhone
		Debug|iPhoneSimulator = Debug|iPhoneSimulator
		Release|Any CPU = Release|Any CPU
		Release|iPhone = Release|iPhone
		Release|iPhoneSimulator = Release|iPhoneSimulator
	EndGlobalSection
	GlobalSection(ProjectConfigurationPlatforms) = postSolution
		{9B8904F3-FAC0-4D03-A702-CE18D903DAD0}.Ad-Hoc|Any CPU.ActiveCfg = Release|Any CPU
		{9B8904F3-FAC0-4D03-A702-CE18D903DAD0}.Ad-Hoc|Any CPU.Build.0 = Release|Any CPU
		{9B8904F3-FAC0-4D03-A702-CE18D903DAD0}.Ad-Hoc|Any CPU.Deploy.0 = Release|Any CPU
		{9B8904F3-FAC0-4D03-A702-CE18D903DAD0}.Ad-Hoc|iPhone.ActiveCfg = Release|Any CPU
		{9B8904F3-FAC0-4D03-A702-CE18D903DAD0}.Ad-Hoc|iPhone.Build.0 = Release|Any CPU
		{9B8904F3-FAC0-4D03-A702-CE18D903DAD0}.Ad-Hoc|iPhone.Deploy.0 = Release|Any CPU
		{9B8904F3-FAC0-4D03-A702-CE18D903DAD0}.Ad-Hoc|iPhoneSimulator.ActiveCfg = Release|Any CPU
		{9B8904F3-FAC0-4D03-A702-CE18D903DAD0}.Ad-Hoc|iPhoneSimulator.Build.0 = Release|Any CPU
		{9B8904F3-FAC0-4D03-A702-CE18D903DAD0}.Ad-Hoc|iPhoneSimulator.Deploy.0 = Release|Any CPU
		{9B8904F3-FAC0-4D03-A702-CE18D903DAD0}.AppStore|Any CPU.ActiveCfg = Release|Any CPU
		{9B8904F3-FAC0-4D03-A702-CE18D903DAD0}.AppStore|Any CPU.Build.0 = Release|Any CPU
		{9B8904F3-FAC0-4D03-A702-CE18D903DAD0}.AppStore|Any CPU.Deploy.0 = Release|Any CPU
		{9B8904F3-FAC0-4D03-A702-CE18D903DAD0}.AppStore|iPhone.ActiveCfg = Release|Any CPU
		{9B8904F3-FAC0-4D03-A702-CE18D903DAD0}.AppStore|iPhone.Build.0 = Release|Any CPU
		{9B8904F3-FAC0-4D03-A702-CE18D903DAD0}.AppStore|iPhone.Deploy.0 = Release|Any CPU
		{9B8904F3-FAC0-4D03-A702-CE18D903DAD0}.AppStore|iPhoneSimulator.ActiveCfg = Release|Any CPU
		{9B8904F3-FAC0-4D03-A702-CE18D903DAD0}.AppStore|iPhoneSimulator.Build.0 = Release|Any CPU
		{9B8904F3-FAC0-4D03-A702-CE18D903DAD0}.AppStore|iPhoneSimulator.Deploy.0 = Release|Any CPU
		{9B8904F3-FAC0-4D03-A702-CE18D903DAD0}.Debug|Any CPU.ActiveCfg = Debug|Any CPU
		{9B8904F3-FAC0-4D03-A702-CE18D903DAD0}.Debug|Any CPU.Build.0 = Debug|Any CPU
		{9B8904F3-FAC0-4D03-A702-CE18D903DAD0}.Debug|Any CPU.Deploy.0 = Debug|Any CPU
		{9B8904F3-FAC0-4D03-A702-CE18D903DAD0}.Debug|iPhone.ActiveCfg = Debug|Any CPU
		{9B8904F3-FAC0-4D03-A702-CE18D903DAD0}.Debug|iPhone.Build.0 = Debug|Any CPU
		{9B8904F3-FAC0-4D03-A702-CE18D903DAD0}.Debug|iPhone.Deploy.0 = Debug|Any CPU
		{9B8904F3-FAC0-4D03-A702-CE18D903DAD0}.Debug|iPhoneSimulator.ActiveCfg = Debug|Any CPU
		{9B8904F3-FAC0-4D03-A702-CE18D903DAD0}.Debug|iPhoneSimulator.Build.0 = Debug|Any CPU
		{9B8904F3-FAC0-4D03-A702-CE18D903DAD0}.Debug|iPhoneSimulator.Deploy.0 = Debug|Any CPU
		{9B8904F3-FAC0-4D03-A702-CE18D903DAD0}.Release|Any CPU.ActiveCfg = Release|Any CPU
		{9B8904F3-FAC0-4D03-A702-CE18D903DAD0}.Release|Any CPU.Build.0 = Release|Any CPU
		{9B8904F3-FAC0-4D03-A702-CE18D903DAD0}.Release|Any CPU.Deploy.0 = Release|Any CPU
		{9B8904F3-FAC0-4D03-A702-CE18D903DAD0}.Release|iPhone.ActiveCfg = Release|Any CPU
		{9B8904F3-FAC0-4D03-A702-CE18D903DAD0}.Release|iPhone.Build.0 = Release|Any CPU
		{9B8904F3-FAC0-4D03-A702-CE18D903DAD0}.Release|iPhone.Deploy.0 = Release|Any CPU
		{9B8904F3-FAC0-4D03-A702-CE18D903DAD0}.Release|iPhoneSimulator.ActiveCfg = Release|Any CPU
		{9B8904F3-FAC0-4D03-A702-CE18D903DAD0}.Release|iPhoneSimulator.Build.0 = Release|Any CPU
		{9B8904F3-FAC0-4D03-A702-CE18D903DAD0}.Release|iPhoneSimulator.Deploy.0 = Release|Any CPU
		{4DB35B13-6637-4BF0-8C6D-716E187D3BD3}.Ad-Hoc|Any CPU.ActiveCfg = Ad-Hoc|iPhone
		{4DB35B13-6637-4BF0-8C6D-716E187D3BD3}.Ad-Hoc|Any CPU.Build.0 = Ad-Hoc|iPhone
		{4DB35B13-6637-4BF0-8C6D-716E187D3BD3}.Ad-Hoc|Any CPU.Deploy.0 = Ad-Hoc|iPhone
		{4DB35B13-6637-4BF0-8C6D-716E187D3BD3}.Ad-Hoc|iPhone.ActiveCfg = Ad-Hoc|iPhone
		{4DB35B13-6637-4BF0-8C6D-716E187D3BD3}.Ad-Hoc|iPhone.Build.0 = Ad-Hoc|iPhone
		{4DB35B13-6637-4BF0-8C6D-716E187D3BD3}.Ad-Hoc|iPhone.Deploy.0 = Ad-Hoc|iPhone
		{4DB35B13-6637-4BF0-8C6D-716E187D3BD3}.Ad-Hoc|iPhoneSimulator.ActiveCfg = Ad-Hoc|iPhoneSimulator
		{4DB35B13-6637-4BF0-8C6D-716E187D3BD3}.Ad-Hoc|iPhoneSimulator.Build.0 = Ad-Hoc|iPhoneSimulator
		{4DB35B13-6637-4BF0-8C6D-716E187D3BD3}.Ad-Hoc|iPhoneSimulator.Deploy.0 = Ad-Hoc|iPhoneSimulator
		{4DB35B13-6637-4BF0-8C6D-716E187D3BD3}.AppStore|Any CPU.ActiveCfg = AppStore|iPhone
		{4DB35B13-6637-4BF0-8C6D-716E187D3BD3}.AppStore|Any CPU.Build.0 = AppStore|iPhone
		{4DB35B13-6637-4BF0-8C6D-716E187D3BD3}.AppStore|Any CPU.Deploy.0 = AppStore|iPhone
		{4DB35B13-6637-4BF0-8C6D-716E187D3BD3}.AppStore|iPhone.ActiveCfg = AppStore|iPhone
		{4DB35B13-6637-4BF0-8C6D-716E187D3BD3}.AppStore|iPhone.Build.0 = AppStore|iPhone
		{4DB35B13-6637-4BF0-8C6D-716E187D3BD3}.AppStore|iPhone.Deploy.0 = AppStore|iPhone
		{4DB35B13-6637-4BF0-8C6D-716E187D3BD3}.AppStore|iPhoneSimulator.ActiveCfg = AppStore|iPhoneSimulator
		{4DB35B13-6637-4BF0-8C6D-716E187D3BD3}.AppStore|iPhoneSimulator.Build.0 = AppStore|iPhoneSimulator
		{4DB35B13-6637-4BF0-8C6D-716E187D3BD3}.AppStore|iPhoneSimulator.Deploy.0 = AppStore|iPhoneSimulator
		{4DB35B13-6637-4BF0-8C6D-716E187D3BD3}.Debug|Any CPU.ActiveCfg = Debug|iPhoneSimulator
		{4DB35B13-6637-4BF0-8C6D-716E187D3BD3}.Debug|Any CPU.Build.0 = Debug|iPhoneSimulator
		{4DB35B13-6637-4BF0-8C6D-716E187D3BD3}.Debug|Any CPU.Deploy.0 = Debug|iPhoneSimulator
		{4DB35B13-6637-4BF0-8C6D-716E187D3BD3}.Debug|iPhone.ActiveCfg = Debug|iPhone
		{4DB35B13-6637-4BF0-8C6D-716E187D3BD3}.Debug|iPhone.Build.0 = Debug|iPhone
		{4DB35B13-6637-4BF0-8C6D-716E187D3BD3}.Debug|iPhone.Deploy.0 = Debug|iPhone
		{4DB35B13-6637-4BF0-8C6D-716E187D3BD3}.Debug|iPhoneSimulator.ActiveCfg = Debug|iPhoneSimulator
		{4DB35B13-6637-4BF0-8C6D-716E187D3BD3}.Debug|iPhoneSimulator.Build.0 = Debug|iPhoneSimulator
		{4DB35B13-6637-4BF0-8C6D-716E187D3BD3}.Debug|iPhoneSimulator.Deploy.0 = Debug|iPhoneSimulator
		{4DB35B13-6637-4BF0-8C6D-716E187D3BD3}.Release|Any CPU.ActiveCfg = Release|iPhone
		{4DB35B13-6637-4BF0-8C6D-716E187D3BD3}.Release|Any CPU.Build.0 = Release|iPhone
		{4DB35B13-6637-4BF0-8C6D-716E187D3BD3}.Release|Any CPU.Deploy.0 = Release|iPhone
		{4DB35B13-6637-4BF0-8C6D-716E187D3BD3}.Release|iPhone.ActiveCfg = Release|iPhone
		{4DB35B13-6637-4BF0-8C6D-716E187D3BD3}.Release|iPhone.Build.0 = Release|iPhone
		{4DB35B13-6637-4BF0-8C6D-716E187D3BD3}.Release|iPhone.Deploy.0 = Release|iPhone
		{4DB35B13-6637-4BF0-8C6D-716E187D3BD3}.Release|iPhoneSimulator.ActiveCfg = Release|iPhoneSimulator
		{4DB35B13-6637-4BF0-8C6D-716E187D3BD3}.Release|iPhoneSimulator.Build.0 = Release|iPhoneSimulator
		{4DB35B13-6637-4BF0-8C6D-716E187D3BD3}.Release|iPhoneSimulator.Deploy.0 = Release|iPhoneSimulator
		{E8F64FD4-1240-4193-914E-9C3F1463DD94}.Ad-Hoc|Any CPU.ActiveCfg = Debug|Any CPU
		{E8F64FD4-1240-4193-914E-9C3F1463DD94}.Ad-Hoc|Any CPU.Build.0 = Debug|Any CPU
		{E8F64FD4-1240-4193-914E-9C3F1463DD94}.Ad-Hoc|Any CPU.Deploy.0 = Debug|Any CPU
		{E8F64FD4-1240-4193-914E-9C3F1463DD94}.Ad-Hoc|iPhone.ActiveCfg = Debug|Any CPU
		{E8F64FD4-1240-4193-914E-9C3F1463DD94}.Ad-Hoc|iPhone.Build.0 = Debug|Any CPU
		{E8F64FD4-1240-4193-914E-9C3F1463DD94}.Ad-Hoc|iPhone.Deploy.0 = Debug|Any CPU
		{E8F64FD4-1240-4193-914E-9C3F1463DD94}.Ad-Hoc|iPhoneSimulator.ActiveCfg = Debug|Any CPU
		{E8F64FD4-1240-4193-914E-9C3F1463DD94}.Ad-Hoc|iPhoneSimulator.Build.0 = Debug|Any CPU
		{E8F64FD4-1240-4193-914E-9C3F1463DD94}.Ad-Hoc|iPhoneSimulator.Deploy.0 = Debug|Any CPU
		{E8F64FD4-1240-4193-914E-9C3F1463DD94}.AppStore|Any CPU.ActiveCfg = Debug|Any CPU
		{E8F64FD4-1240-4193-914E-9C3F1463DD94}.AppStore|Any CPU.Build.0 = Debug|Any CPU
		{E8F64FD4-1240-4193-914E-9C3F1463DD94}.AppStore|Any CPU.Deploy.0 = Debug|Any CPU
		{E8F64FD4-1240-4193-914E-9C3F1463DD94}.AppStore|iPhone.ActiveCfg = Debug|Any CPU
		{E8F64FD4-1240-4193-914E-9C3F1463DD94}.AppStore|iPhone.Build.0 = Debug|Any CPU
		{E8F64FD4-1240-4193-914E-9C3F1463DD94}.AppStore|iPhone.Deploy.0 = Debug|Any CPU
		{E8F64FD4-1240-4193-914E-9C3F1463DD94}.AppStore|iPhoneSimulator.ActiveCfg = Debug|Any CPU
		{E8F64FD4-1240-4193-914E-9C3F1463DD94}.AppStore|iPhoneSimulator.Build.0 = Debug|Any CPU
		{E8F64FD4-1240-4193-914E-9C3F1463DD94}.AppStore|iPhoneSimulator.Deploy.0 = Debug|Any CPU
		{E8F64FD4-1240-4193-914E-9C3F1463DD94}.Debug|Any CPU.ActiveCfg = Debug|Any CPU
		{E8F64FD4-1240-4193-914E-9C3F1463DD94}.Debug|Any CPU.Build.0 = Debug|Any CPU
		{E8F64FD4-1240-4193-914E-9C3F1463DD94}.Debug|Any CPU.Deploy.0 = Debug|Any CPU
		{E8F64FD4-1240-4193-914E-9C3F1463DD94}.Debug|iPhone.ActiveCfg = Debug|Any CPU
		{E8F64FD4-1240-4193-914E-9C3F1463DD94}.Debug|iPhone.Build.0 = Debug|Any CPU
		{E8F64FD4-1240-4193-914E-9C3F1463DD94}.Debug|iPhone.Deploy.0 = Debug|Any CPU
		{E8F64FD4-1240-4193-914E-9C3F1463DD94}.Debug|iPhoneSimulator.ActiveCfg = Debug|Any CPU
		{E8F64FD4-1240-4193-914E-9C3F1463DD94}.Debug|iPhoneSimulator.Build.0 = Debug|Any CPU
		{E8F64FD4-1240-4193-914E-9C3F1463DD94}.Debug|iPhoneSimulator.Deploy.0 = Debug|Any CPU
		{E8F64FD4-1240-4193-914E-9C3F1463DD94}.Release|Any CPU.ActiveCfg = Release|Any CPU
		{E8F64FD4-1240-4193-914E-9C3F1463DD94}.Release|Any CPU.Build.0 = Release|Any CPU
		{E8F64FD4-1240-4193-914E-9C3F1463DD94}.Release|Any CPU.Deploy.0 = Release|Any CPU
		{E8F64FD4-1240-4193-914E-9C3F1463DD94}.Release|iPhone.ActiveCfg = Release|Any CPU
		{E8F64FD4-1240-4193-914E-9C3F1463DD94}.Release|iPhone.Build.0 = Release|Any CPU
		{E8F64FD4-1240-4193-914E-9C3F1463DD94}.Release|iPhone.Deploy.0 = Release|Any CPU
		{E8F64FD4-1240-4193-914E-9C3F1463DD94}.Release|iPhoneSimulator.ActiveCfg = Release|Any CPU
		{E8F64FD4-1240-4193-914E-9C3F1463DD94}.Release|iPhoneSimulator.Build.0 = Release|Any CPU
		{E8F64FD4-1240-4193-914E-9C3F1463DD94}.Release|iPhoneSimulator.Deploy.0 = Release|Any CPU
	EndGlobalSection
	GlobalSection(SolutionProperties) = preSolution
		HideSolutionNode = FALSE
	EndGlobalSection
	GlobalSection(ExtensibilityGlobals) = postSolution
		SolutionGuid = {ABE167ED-BDF3-421C-84AF-E2144AF5503A}
	EndGlobalSection
EndGlobal
