
Microsoft Visual Studio Solution File, Format Version 12.00
# Visual Studio 15
VisualStudioVersion = 15.0.28010.2050
MinimumVisualStudioVersion = 10.0.40219.1
Project("{FAE04EC0-301F-11D3-BF4B-00C04F79EFBC}") = "Todo.Android", "Todo\Todo.Android\Todo.Android.csproj", "{9066AFCD-AA2C-4D8D-99EF-8AD56A55FBDB}"
EndProject
Project("{FAE04EC0-301F-11D3-BF4B-00C04F79EFBC}") = "Todo.iOS", "Todo\Todo.iOS\Todo.iOS.csproj", "{95589FF4-B9D8-4732-9CC0-5AD5DA6DE5D4}"
EndProject
Project("{FAE04EC0-301F-11D3-BF4B-00C04F79EFBC}") = "Todo", "Todo\Todo\Todo.csproj", "{C3E7D5FC-E39C-4DE6-A169-22D22C6B500C}"
EndProject
Global
	GlobalSection(SolutionConfigurationPlatforms) = preSolution
		Ad-Hoc|Any CPU = Ad-Hoc|Any CPU
		Ad-Hoc|iPhone = Ad-Hoc|iPhone
		Ad-Hoc|iPhoneSimulator = Ad-Hoc|iPhoneSimulator
		AppStore|Any CPU = AppStore|Any CPU
		AppStore|iPhone = AppStore|iPhone
		AppStore|iPhoneSimulator = AppStore|iPhoneSimulator
		Debug|Any CPU = Debug|Any CPU
		Debug|iPhone = Debug|iPhone
		Debug|iPhoneSimulator = Debug|iPhoneSimulator
		Release|Any CPU = Release|Any CPU
		Release|iPhone = Release|iPhone
		Release|iPhoneSimulator = Release|iPhoneSimulator
	EndGlobalSection
	GlobalSection(ProjectConfigurationPlatforms) = postSolution
		{9066AFCD-AA2C-4D8D-99EF-8AD56A55FBDB}.Ad-Hoc|Any CPU.ActiveCfg = Release|Any CPU
		{9066AFCD-AA2C-4D8D-99EF-8AD56A55FBDB}.Ad-Hoc|Any CPU.Build.0 = Release|Any CPU
		{9066AFCD-AA2C-4D8D-99EF-8AD56A55FBDB}.Ad-Hoc|Any CPU.Deploy.0 = Release|Any CPU
		{9066AFCD-AA2C-4D8D-99EF-8AD56A55FBDB}.Ad-Hoc|iPhone.ActiveCfg = Release|Any CPU
		{9066AFCD-AA2C-4D8D-99EF-8AD56A55FBDB}.Ad-Hoc|iPhone.Build.0 = Release|Any CPU
		{9066AFCD-AA2C-4D8D-99EF-8AD56A55FBDB}.Ad-Hoc|iPhone.Deploy.0 = Release|Any CPU
		{9066AFCD-AA2C-4D8D-99EF-8AD56A55FBDB}.Ad-Hoc|iPhoneSimulator.ActiveCfg = Release|Any CPU
		{9066AFCD-AA2C-4D8D-99EF-8AD56A55FBDB}.Ad-Hoc|iPhoneSimulator.Build.0 = Release|Any CPU
		{9066AFCD-AA2C-4D8D-99EF-8AD56A55FBDB}.Ad-Hoc|iPhoneSimulator.Deploy.0 = Release|Any CPU
		{9066AFCD-AA2C-4D8D-99EF-8AD56A55FBDB}.AppStore|Any CPU.ActiveCfg = Release|Any CPU
		{9066AFCD-AA2C-4D8D-99EF-8AD56A55FBDB}.AppStore|Any CPU.Build.0 = Release|Any CPU
		{9066AFCD-AA2C-4D8D-99EF-8AD56A55FBDB}.AppStore|Any CPU.Deploy.0 = Release|Any CPU
		{9066AFCD-AA2C-4D8D-99EF-8AD56A55FBDB}.AppStore|iPhone.ActiveCfg = Release|Any CPU
		{9066AFCD-AA2C-4D8D-99EF-8AD56A55FBDB}.AppStore|iPhone.Build.0 = Release|Any CPU
		{9066AFCD-AA2C-4D8D-99EF-8AD56A55FBDB}.AppStore|iPhone.Deploy.0 = Release|Any CPU
		{9066AFCD-AA2C-4D8D-99EF-8AD56A55FBDB}.AppStore|iPhoneSimulator.ActiveCfg = Release|Any CPU
		{9066AFCD-AA2C-4D8D-99EF-8AD56A55FBDB}.AppStore|iPhoneSimulator.Build.0 = Release|Any CPU
		{9066AFCD-AA2C-4D8D-99EF-8AD56A55FBDB}.AppStore|iPhoneSimulator.Deploy.0 = Release|Any CPU
		{9066AFCD-AA2C-4D8D-99EF-8AD56A55FBDB}.Debug|Any CPU.ActiveCfg = Debug|Any CPU
		{9066AFCD-AA2C-4D8D-99EF-8AD56A55FBDB}.Debug|Any CPU.Build.0 = Debug|Any CPU
		{9066AFCD-AA2C-4D8D-99EF-8AD56A55FBDB}.Debug|Any CPU.Deploy.0 = Debug|Any CPU
		{9066AFCD-AA2C-4D8D-99EF-8AD56A55FBDB}.Debug|iPhone.ActiveCfg = Debug|Any CPU
		{9066AFCD-AA2C-4D8D-99EF-8AD56A55FBDB}.Debug|iPhone.Build.0 = Debug|Any CPU
		{9066AFCD-AA2C-4D8D-99EF-8AD56A55FBDB}.Debug|iPhone.Deploy.0 = Debug|Any CPU
		{9066AFCD-AA2C-4D8D-99EF-8AD56A55FBDB}.Debug|iPhoneSimulator.ActiveCfg = Debug|Any CPU
		{9066AFCD-AA2C-4D8D-99EF-8AD56A55FBDB}.Debug|iPhoneSimulator.Build.0 = Debug|Any CPU
		{9066AFCD-AA2C-4D8D-99EF-8AD56A55FBDB}.Debug|iPhoneSimulator.Deploy.0 = Debug|Any CPU
		{9066AFCD-AA2C-4D8D-99EF-8AD56A55FBDB}.Release|Any CPU.ActiveCfg = Release|Any CPU
		{9066AFCD-AA2C-4D8D-99EF-8AD56A55FBDB}.Release|Any CPU.Build.0 = Release|Any CPU
		{9066AFCD-AA2C-4D8D-99EF-8AD56A55FBDB}.Release|Any CPU.Deploy.0 = Release|Any CPU
		{9066AFCD-AA2C-4D8D-99EF-8AD56A55FBDB}.Release|iPhone.ActiveCfg = Release|Any CPU
		{9066AFCD-AA2C-4D8D-99EF-8AD56A55FBDB}.Release|iPhone.Build.0 = Release|Any CPU
		{9066AFCD-AA2C-4D8D-99EF-8AD56A55FBDB}.Release|iPhone.Deploy.0 = Release|Any CPU
		{9066AFCD-AA2C-4D8D-99EF-8AD56A55FBDB}.Release|iPhoneSimulator.ActiveCfg = Release|Any CPU
		{9066AFCD-AA2C-4D8D-99EF-8AD56A55FBDB}.Release|iPhoneSimulator.Build.0 = Release|Any CPU
		{9066AFCD-AA2C-4D8D-99EF-8AD56A55FBDB}.Release|iPhoneSimulator.Deploy.0 = Release|Any CPU
		{95589FF4-B9D8-4732-9CC0-5AD5DA6DE5D4}.Ad-Hoc|Any CPU.ActiveCfg = Ad-Hoc|iPhone
		{95589FF4-B9D8-4732-9CC0-5AD5DA6DE5D4}.Ad-Hoc|Any CPU.Build.0 = Ad-Hoc|iPhone
		{95589FF4-B9D8-4732-9CC0-5AD5DA6DE5D4}.Ad-Hoc|Any CPU.Deploy.0 = Ad-Hoc|iPhone
		{95589FF4-B9D8-4732-9CC0-5AD5DA6DE5D4}.Ad-Hoc|iPhone.ActiveCfg = Ad-Hoc|iPhone
		{95589FF4-B9D8-4732-9CC0-5AD5DA6DE5D4}.Ad-Hoc|iPhone.Build.0 = Ad-Hoc|iPhone
		{95589FF4-B9D8-4732-9CC0-5AD5DA6DE5D4}.Ad-Hoc|iPhone.Deploy.0 = Ad-Hoc|iPhone
		{95589FF4-B9D8-4732-9CC0-5AD5DA6DE5D4}.Ad-Hoc|iPhoneSimulator.ActiveCfg = Ad-Hoc|iPhoneSimulator
		{95589FF4-B9D8-4732-9CC0-5AD5DA6DE5D4}.Ad-Hoc|iPhoneSimulator.Build.0 = Ad-Hoc|iPhoneSimulator
		{95589FF4-B9D8-4732-9CC0-5AD5DA6DE5D4}.Ad-Hoc|iPhoneSimulator.Deploy.0 = Ad-Hoc|iPhoneSimulator
		{95589FF4-B9D8-4732-9CC0-5AD5DA6DE5D4}.AppStore|Any CPU.ActiveCfg = AppStore|iPhone
		{95589FF4-B9D8-4732-9CC0-5AD5DA6DE5D4}.AppStore|Any CPU.Build.0 = AppStore|iPhone
		{95589FF4-B9D8-4732-9CC0-5AD5DA6DE5D4}.AppStore|Any CPU.Deploy.0 = AppStore|iPhone
		{95589FF4-B9D8-4732-9CC0-5AD5DA6DE5D4}.AppStore|iPhone.ActiveCfg = AppStore|iPhone
		{95589FF4-B9D8-4732-9CC0-5AD5DA6DE5D4}.AppStore|iPhone.Build.0 = AppStore|iPhone
		{95589FF4-B9D8-4732-9CC0-5AD5DA6DE5D4}.AppStore|iPhone.Deploy.0 = AppStore|iPhone
		{95589FF4-B9D8-4732-9CC0-5AD5DA6DE5D4}.AppStore|iPhoneSimulator.ActiveCfg = AppStore|iPhoneSimulator
		{95589FF4-B9D8-4732-9CC0-5AD5DA6DE5D4}.AppStore|iPhoneSimulator.Build.0 = AppStore|iPhoneSimulator
		{95589FF4-B9D8-4732-9CC0-5AD5DA6DE5D4}.AppStore|iPhoneSimulator.Deploy.0 = AppStore|iPhoneSimulator
		{95589FF4-B9D8-4732-9CC0-5AD5DA6DE5D4}.Debug|Any CPU.ActiveCfg = Debug|iPhoneSimulator
		{95589FF4-B9D8-4732-9CC0-5AD5DA6DE5D4}.Debug|Any CPU.Build.0 = Debug|iPhoneSimulator
		{95589FF4-B9D8-4732-9CC0-5AD5DA6DE5D4}.Debug|Any CPU.Deploy.0 = Debug|iPhoneSimulator
		{95589FF4-B9D8-4732-9CC0-5AD5DA6DE5D4}.Debug|iPhone.ActiveCfg = Debug|iPhone
		{95589FF4-B9D8-4732-9CC0-5AD5DA6DE5D4}.Debug|iPhone.Build.0 = Debug|iPhone
		{95589FF4-B9D8-4732-9CC0-5AD5DA6DE5D4}.Debug|iPhone.Deploy.0 = Debug|iPhone
		{95589FF4-B9D8-4732-9CC0-5AD5DA6DE5D4}.Debug|iPhoneSimulator.ActiveCfg = Debug|iPhoneSimulator
		{95589FF4-B9D8-4732-9CC0-5AD5DA6DE5D4}.Debug|iPhoneSimulator.Build.0 = Debug|iPhoneSimulator
		{95589FF4-B9D8-4732-9CC0-5AD5DA6DE5D4}.Debug|iPhoneSimulator.Deploy.0 = Debug|iPhoneSimulator
		{95589FF4-B9D8-4732-9CC0-5AD5DA6DE5D4}.Release|Any CPU.ActiveCfg = Release|iPhone
		{95589FF4-B9D8-4732-9CC0-5AD5DA6DE5D4}.Release|Any CPU.Build.0 = Release|iPhone
		{95589FF4-B9D8-4732-9CC0-5AD5DA6DE5D4}.Release|Any CPU.Deploy.0 = Release|iPhone
		{95589FF4-B9D8-4732-9CC0-5AD5DA6DE5D4}.Release|iPhone.ActiveCfg = Release|iPhone
		{95589FF4-B9D8-4732-9CC0-5AD5DA6DE5D4}.Release|iPhone.Build.0 = Release|iPhone
		{95589FF4-B9D8-4732-9CC0-5AD5DA6DE5D4}.Release|iPhone.Deploy.0 = Release|iPhone
		{95589FF4-B9D8-4732-9CC0-5AD5DA6DE5D4}.Release|iPhoneSimulator.ActiveCfg = Release|iPhoneSimulator
		{95589FF4-B9D8-4732-9CC0-5AD5DA6DE5D4}.Release|iPhoneSimulator.Build.0 = Release|iPhoneSimulator
		{95589FF4-B9D8-4732-9CC0-5AD5DA6DE5D4}.Release|iPhoneSimulator.Deploy.0 = Release|iPhoneSimulator
		{C3E7D5FC-E39C-4DE6-A169-22D22C6B500C}.Ad-Hoc|Any CPU.ActiveCfg = Debug|Any CPU
		{C3E7D5FC-E39C-4DE6-A169-22D22C6B500C}.Ad-Hoc|Any CPU.Build.0 = Debug|Any CPU
		{C3E7D5FC-E39C-4DE6-A169-22D22C6B500C}.Ad-Hoc|Any CPU.Deploy.0 = Debug|Any CPU
		{C3E7D5FC-E39C-4DE6-A169-22D22C6B500C}.Ad-Hoc|iPhone.ActiveCfg = Debug|Any CPU
		{C3E7D5FC-E39C-4DE6-A169-22D22C6B500C}.Ad-Hoc|iPhone.Build.0 = Debug|Any CPU
		{C3E7D5FC-E39C-4DE6-A169-22D22C6B500C}.Ad-Hoc|iPhone.Deploy.0 = Debug|Any CPU
		{C3E7D5FC-E39C-4DE6-A169-22D22C6B500C}.Ad-Hoc|iPhoneSimulator.ActiveCfg = Debug|Any CPU
		{C3E7D5FC-E39C-4DE6-A169-22D22C6B500C}.Ad-Hoc|iPhoneSimulator.Build.0 = Debug|Any CPU
		{C3E7D5FC-E39C-4DE6-A169-22D22C6B500C}.Ad-Hoc|iPhoneSimulator.Deploy.0 = Debug|Any CPU
		{C3E7D5FC-E39C-4DE6-A169-22D22C6B500C}.AppStore|Any CPU.ActiveCfg = Debug|Any CPU
		{C3E7D5FC-E39C-4DE6-A169-22D22C6B500C}.AppStore|Any CPU.Build.0 = Debug|Any CPU
		{C3E7D5FC-E39C-4DE6-A169-22D22C6B500C}.AppStore|Any CPU.Deploy.0 = Debug|Any CPU
		{C3E7D5FC-E39C-4DE6-A169-22D22C6B500C}.AppStore|iPhone.ActiveCfg = Debug|Any CPU
		{C3E7D5FC-E39C-4DE6-A169-22D22C6B500C}.AppStore|iPhone.Build.0 = Debug|Any CPU
		{C3E7D5FC-E39C-4DE6-A169-22D22C6B500C}.AppStore|iPhone.Deploy.0 = Debug|Any CPU
		{C3E7D5FC-E39C-4DE6-A169-22D22C6B500C}.AppStore|iPhoneSimulator.ActiveCfg = Debug|Any CPU
		{C3E7D5FC-E39C-4DE6-A169-22D22C6B500C}.AppStore|iPhoneSimulator.Build.0 = Debug|Any CPU
		{C3E7D5FC-E39C-4DE6-A169-22D22C6B500C}.AppStore|iPhoneSimulator.Deploy.0 = Debug|Any CPU
		{C3E7D5FC-E39C-4DE6-A169-22D22C6B500C}.Debug|Any CPU.ActiveCfg = Debug|Any CPU
		{C3E7D5FC-E39C-4DE6-A169-22D22C6B500C}.Debug|Any CPU.Build.0 = Debug|Any CPU
		{C3E7D5FC-E39C-4DE6-A169-22D22C6B500C}.Debug|Any CPU.Deploy.0 = Debug|Any CPU
		{C3E7D5FC-E39C-4DE6-A169-22D22C6B500C}.Debug|iPhone.ActiveCfg = Debug|Any CPU
		{C3E7D5FC-E39C-4DE6-A169-22D22C6B500C}.Debug|iPhone.Build.0 = Debug|Any CPU
		{C3E7D5FC-E39C-4DE6-A169-22D22C6B500C}.Debug|iPhone.Deploy.0 = Debug|Any CPU
		{C3E7D5FC-E39C-4DE6-A169-22D22C6B500C}.Debug|iPhoneSimulator.ActiveCfg = Debug|Any CPU
		{C3E7D5FC-E39C-4DE6-A169-22D22C6B500C}.Debug|iPhoneSimulator.Build.0 = Debug|Any CPU
		{C3E7D5FC-E39C-4DE6-A169-22D22C6B500C}.Debug|iPhoneSimulator.Deploy.0 = Debug|Any CPU
		{C3E7D5FC-E39C-4DE6-A169-22D22C6B500C}.Release|Any CPU.ActiveCfg = Release|Any CPU
		{C3E7D5FC-E39C-4DE6-A169-22D22C6B500C}.Release|Any CPU.Build.0 = Release|Any CPU
		{C3E7D5FC-E39C-4DE6-A169-22D22C6B500C}.Release|Any CPU.Deploy.0 = Release|Any CPU
		{C3E7D5FC-E39C-4DE6-A169-22D22C6B500C}.Release|iPhone.ActiveCfg = Release|Any CPU
		{C3E7D5FC-E39C-4DE6-A169-22D22C6B500C}.Release|iPhone.Build.0 = Release|Any CPU
		{C3E7D5FC-E39C-4DE6-A169-22D22C6B500C}.Release|iPhone.Deploy.0 = Release|Any CPU
		{C3E7D5FC-E39C-4DE6-A169-22D22C6B500C}.Release|iPhoneSimulator.ActiveCfg = Release|Any CPU
		{C3E7D5FC-E39C-4DE6-A169-22D22C6B500C}.Release|iPhoneSimulator.Build.0 = Release|Any CPU
		{C3E7D5FC-E39C-4DE6-A169-22D22C6B500C}.Release|iPhoneSimulator.Deploy.0 = Release|Any CPU
	EndGlobalSection
	GlobalSection(SolutionProperties) = preSolution
		HideSolutionNode = FALSE
	EndGlobalSection
	GlobalSection(ExtensibilityGlobals) = postSolution
		SolutionGuid = {3AE431D0-E028-4BA3-900C-6D4FF9A3B26C}
	EndGlobalSection
EndGlobal
