
Microsoft Visual Studio Solution File, Format Version 12.00
# Visual Studio 15
VisualStudioVersion = 15.0.28010.2046
MinimumVisualStudioVersion = 10.0.40219.1
Project("{FAE04EC0-301F-11D3-BF4B-00C04F79EFBC}") = "Phoneword.Android", "Phoneword\Phoneword.Android\Phoneword.Android.csproj", "{99996879-C893-4565-B087-8775290CD104}"
EndProject
Project("{FAE04EC0-301F-11D3-BF4B-00C04F79EFBC}") = "Phoneword.iOS", "Phoneword\Phoneword.iOS\Phoneword.iOS.csproj", "{BBBBB4BA-368F-44CD-9DC0-AC7AFC22E176}"
EndProject
Project("{FAE04EC0-301F-11D3-BF4B-00C04F79EFBC}") = "Phoneword", "Phoneword\Phoneword\Phoneword.csproj", "{7519E0F5-1CC6-4096-AA0E-5805A0418AF8}"
EndProject
Global
	GlobalSection(SolutionConfigurationPlatforms) = preSolution
		Ad-Hoc|Any CPU = Ad-Hoc|Any CPU
		Ad-Hoc|iPhone = Ad-Hoc|iPhone
		Ad-Hoc|iPhoneSimulator = Ad-Hoc|iPhoneSimulator
		AppStore|Any CPU = AppStore|Any CPU
		AppStore|iPhone = AppStore|iPhone
		AppStore|iPhoneSimulator = AppStore|iPhoneSimulator
		Debug|Any CPU = Debug|Any CPU
		Debug|iPhone = Debug|iPhone
		Debug|iPhoneSimulator = Debug|iPhoneSimulator
		Release|Any CPU = Release|Any CPU
		Release|iPhone = Release|iPhone
		Release|iPhoneSimulator = Release|iPhoneSimulator
	EndGlobalSection
	GlobalSection(ProjectConfigurationPlatforms) = postSolution
		{99996879-C893-4565-B087-8775290CD104}.Ad-Hoc|Any CPU.ActiveCfg = Release|Any CPU
		{99996879-C893-4565-B087-8775290CD104}.Ad-Hoc|Any CPU.Build.0 = Release|Any CPU
		{99996879-C893-4565-B087-8775290CD104}.Ad-Hoc|Any CPU.Deploy.0 = Release|Any CPU
		{99996879-C893-4565-B087-8775290CD104}.Ad-Hoc|iPhone.ActiveCfg = Release|Any CPU
		{99996879-C893-4565-B087-8775290CD104}.Ad-Hoc|iPhone.Build.0 = Release|Any CPU
		{99996879-C893-4565-B087-8775290CD104}.Ad-Hoc|iPhone.Deploy.0 = Release|Any CPU
		{99996879-C893-4565-B087-8775290CD104}.Ad-Hoc|iPhoneSimulator.ActiveCfg = Release|Any CPU
		{99996879-C893-4565-B087-8775290CD104}.Ad-Hoc|iPhoneSimulator.Build.0 = Release|Any CPU
		{99996879-C893-4565-B087-8775290CD104}.Ad-Hoc|iPhoneSimulator.Deploy.0 = Release|Any CPU
		{99996879-C893-4565-B087-8775290CD104}.AppStore|Any CPU.ActiveCfg = Release|Any CPU
		{99996879-C893-4565-B087-8775290CD104}.AppStore|Any CPU.Build.0 = Release|Any CPU
		{99996879-C893-4565-B087-8775290CD104}.AppStore|Any CPU.Deploy.0 = Release|Any CPU
		{99996879-C893-4565-B087-8775290CD104}.AppStore|iPhone.ActiveCfg = Release|Any CPU
		{99996879-C893-4565-B087-8775290CD104}.AppStore|iPhone.Build.0 = Release|Any CPU
		{99996879-C893-4565-B087-8775290CD104}.AppStore|iPhone.Deploy.0 = Release|Any CPU
		{99996879-C893-4565-B087-8775290CD104}.AppStore|iPhoneSimulator.ActiveCfg = Release|Any CPU
		{99996879-C893-4565-B087-8775290CD104}.AppStore|iPhoneSimulator.Build.0 = Release|Any CPU
		{99996879-C893-4565-B087-8775290CD104}.AppStore|iPhoneSimulator.Deploy.0 = Release|Any CPU
		{99996879-C893-4565-B087-8775290CD104}.Debug|Any CPU.ActiveCfg = Debug|Any CPU
		{99996879-C893-4565-B087-8775290CD104}.Debug|Any CPU.Build.0 = Debug|Any CPU
		{99996879-C893-4565-B087-8775290CD104}.Debug|Any CPU.Deploy.0 = Debug|Any CPU
		{99996879-C893-4565-B087-8775290CD104}.Debug|iPhone.ActiveCfg = Debug|Any CPU
		{99996879-C893-4565-B087-8775290CD104}.Debug|iPhone.Build.0 = Debug|Any CPU
		{99996879-C893-4565-B087-8775290CD104}.Debug|iPhone.Deploy.0 = Debug|Any CPU
		{99996879-C893-4565-B087-8775290CD104}.Debug|iPhoneSimulator.ActiveCfg = Debug|Any CPU
		{99996879-C893-4565-B087-8775290CD104}.Debug|iPhoneSimulator.Build.0 = Debug|Any CPU
		{99996879-C893-4565-B087-8775290CD104}.Debug|iPhoneSimulator.Deploy.0 = Debug|Any CPU
		{99996879-C893-4565-B087-8775290CD104}.Release|Any CPU.ActiveCfg = Release|Any CPU
		{99996879-C893-4565-B087-8775290CD104}.Release|Any CPU.Build.0 = Release|Any CPU
		{99996879-C893-4565-B087-8775290CD104}.Release|Any CPU.Deploy.0 = Release|Any CPU
		{99996879-C893-4565-B087-8775290CD104}.Release|iPhone.ActiveCfg = Release|Any CPU
		{99996879-C893-4565-B087-8775290CD104}.Release|iPhone.Build.0 = Release|Any CPU
		{99996879-C893-4565-B087-8775290CD104}.Release|iPhone.Deploy.0 = Release|Any CPU
		{99996879-C893-4565-B087-8775290CD104}.Release|iPhoneSimulator.ActiveCfg = Release|Any CPU
		{99996879-C893-4565-B087-8775290CD104}.Release|iPhoneSimulator.Build.0 = Release|Any CPU
		{99996879-C893-4565-B087-8775290CD104}.Release|iPhoneSimulator.Deploy.0 = Release|Any CPU
		{BBBBB4BA-368F-44CD-9DC0-AC7AFC22E176}.Ad-Hoc|Any CPU.ActiveCfg = Ad-Hoc|iPhone
		{BBBBB4BA-368F-44CD-9DC0-AC7AFC22E176}.Ad-Hoc|Any CPU.Build.0 = Ad-Hoc|iPhone
		{BBBBB4BA-368F-44CD-9DC0-AC7AFC22E176}.Ad-Hoc|Any CPU.Deploy.0 = Ad-Hoc|iPhone
		{BBBBB4BA-368F-44CD-9DC0-AC7AFC22E176}.Ad-Hoc|iPhone.ActiveCfg = Ad-Hoc|iPhone
		{BBBBB4BA-368F-44CD-9DC0-AC7AFC22E176}.Ad-Hoc|iPhone.Build.0 = Ad-Hoc|iPhone
		{BBBBB4BA-368F-44CD-9DC0-AC7AFC22E176}.Ad-Hoc|iPhone.Deploy.0 = Ad-Hoc|iPhone
		{BBBBB4BA-368F-44CD-9DC0-AC7AFC22E176}.Ad-Hoc|iPhoneSimulator.ActiveCfg = Ad-Hoc|iPhoneSimulator
		{BBBBB4BA-368F-44CD-9DC0-AC7AFC22E176}.Ad-Hoc|iPhoneSimulator.Build.0 = Ad-Hoc|iPhoneSimulator
		{BBBBB4BA-368F-44CD-9DC0-AC7AFC22E176}.Ad-Hoc|iPhoneSimulator.Deploy.0 = Ad-Hoc|iPhoneSimulator
		{BBBBB4BA-368F-44CD-9DC0-AC7AFC22E176}.AppStore|Any CPU.ActiveCfg = AppStore|iPhone
		{BBBBB4BA-368F-44CD-9DC0-AC7AFC22E176}.AppStore|Any CPU.Build.0 = AppStore|iPhone
		{BBBBB4BA-368F-44CD-9DC0-AC7AFC22E176}.AppStore|Any CPU.Deploy.0 = AppStore|iPhone
		{BBBBB4BA-368F-44CD-9DC0-AC7AFC22E176}.AppStore|iPhone.ActiveCfg = AppStore|iPhone
		{BBBBB4BA-368F-44CD-9DC0-AC7AFC22E176}.AppStore|iPhone.Build.0 = AppStore|iPhone
		{BBBBB4BA-368F-44CD-9DC0-AC7AFC22E176}.AppStore|iPhone.Deploy.0 = AppStore|iPhone
		{BBBBB4BA-368F-44CD-9DC0-AC7AFC22E176}.AppStore|iPhoneSimulator.ActiveCfg = AppStore|iPhoneSimulator
		{BBBBB4BA-368F-44CD-9DC0-AC7AFC22E176}.AppStore|iPhoneSimulator.Build.0 = AppStore|iPhoneSimulator
		{BBBBB4BA-368F-44CD-9DC0-AC7AFC22E176}.AppStore|iPhoneSimulator.Deploy.0 = AppStore|iPhoneSimulator
		{BBBBB4BA-368F-44CD-9DC0-AC7AFC22E176}.Debug|Any CPU.ActiveCfg = Debug|iPhoneSimulator
		{BBBBB4BA-368F-44CD-9DC0-AC7AFC22E176}.Debug|Any CPU.Build.0 = Debug|iPhoneSimulator
		{BBBBB4BA-368F-44CD-9DC0-AC7AFC22E176}.Debug|Any CPU.Deploy.0 = Debug|iPhoneSimulator
		{BBBBB4BA-368F-44CD-9DC0-AC7AFC22E176}.Debug|iPhone.ActiveCfg = Debug|iPhone
		{BBBBB4BA-368F-44CD-9DC0-AC7AFC22E176}.Debug|iPhone.Build.0 = Debug|iPhone
		{BBBBB4BA-368F-44CD-9DC0-AC7AFC22E176}.Debug|iPhone.Deploy.0 = Debug|iPhone
		{BBBBB4BA-368F-44CD-9DC0-AC7AFC22E176}.Debug|iPhoneSimulator.ActiveCfg = Debug|iPhoneSimulator
		{BBBBB4BA-368F-44CD-9DC0-AC7AFC22E176}.Debug|iPhoneSimulator.Build.0 = Debug|iPhoneSimulator
		{BBBBB4BA-368F-44CD-9DC0-AC7AFC22E176}.Debug|iPhoneSimulator.Deploy.0 = Debug|iPhoneSimulator
		{BBBBB4BA-368F-44CD-9DC0-AC7AFC22E176}.Release|Any CPU.ActiveCfg = Release|iPhone
		{BBBBB4BA-368F-44CD-9DC0-AC7AFC22E176}.Release|Any CPU.Build.0 = Release|iPhone
		{BBBBB4BA-368F-44CD-9DC0-AC7AFC22E176}.Release|Any CPU.Deploy.0 = Release|iPhone
		{BBBBB4BA-368F-44CD-9DC0-AC7AFC22E176}.Release|iPhone.ActiveCfg = Release|iPhone
		{BBBBB4BA-368F-44CD-9DC0-AC7AFC22E176}.Release|iPhone.Build.0 = Release|iPhone
		{BBBBB4BA-368F-44CD-9DC0-AC7AFC22E176}.Release|iPhone.Deploy.0 = Release|iPhone
		{BBBBB4BA-368F-44CD-9DC0-AC7AFC22E176}.Release|iPhoneSimulator.ActiveCfg = Release|iPhoneSimulator
		{BBBBB4BA-368F-44CD-9DC0-AC7AFC22E176}.Release|iPhoneSimulator.Build.0 = Release|iPhoneSimulator
		{BBBBB4BA-368F-44CD-9DC0-AC7AFC22E176}.Release|iPhoneSimulator.Deploy.0 = Release|iPhoneSimulator
		{7519E0F5-1CC6-4096-AA0E-5805A0418AF8}.Ad-Hoc|Any CPU.ActiveCfg = Debug|Any CPU
		{7519E0F5-1CC6-4096-AA0E-5805A0418AF8}.Ad-Hoc|Any CPU.Build.0 = Debug|Any CPU
		{7519E0F5-1CC6-4096-AA0E-5805A0418AF8}.Ad-Hoc|Any CPU.Deploy.0 = Debug|Any CPU
		{7519E0F5-1CC6-4096-AA0E-5805A0418AF8}.Ad-Hoc|iPhone.ActiveCfg = Debug|Any CPU
		{7519E0F5-1CC6-4096-AA0E-5805A0418AF8}.Ad-Hoc|iPhone.Build.0 = Debug|Any CPU
		{7519E0F5-1CC6-4096-AA0E-5805A0418AF8}.Ad-Hoc|iPhone.Deploy.0 = Debug|Any CPU
		{7519E0F5-1CC6-4096-AA0E-5805A0418AF8}.Ad-Hoc|iPhoneSimulator.ActiveCfg = Debug|Any CPU
		{7519E0F5-1CC6-4096-AA0E-5805A0418AF8}.Ad-Hoc|iPhoneSimulator.Build.0 = Debug|Any CPU
		{7519E0F5-1CC6-4096-AA0E-5805A0418AF8}.Ad-Hoc|iPhoneSimulator.Deploy.0 = Debug|Any CPU
		{7519E0F5-1CC6-4096-AA0E-5805A0418AF8}.AppStore|Any CPU.ActiveCfg = Debug|Any CPU
		{7519E0F5-1CC6-4096-AA0E-5805A0418AF8}.AppStore|Any CPU.Build.0 = Debug|Any CPU
		{7519E0F5-1CC6-4096-AA0E-5805A0418AF8}.AppStore|Any CPU.Deploy.0 = Debug|Any CPU
		{7519E0F5-1CC6-4096-AA0E-5805A0418AF8}.AppStore|iPhone.ActiveCfg = Debug|Any CPU
		{7519E0F5-1CC6-4096-AA0E-5805A0418AF8}.AppStore|iPhone.Build.0 = Debug|Any CPU
		{7519E0F5-1CC6-4096-AA0E-5805A0418AF8}.AppStore|iPhone.Deploy.0 = Debug|Any CPU
		{7519E0F5-1CC6-4096-AA0E-5805A0418AF8}.AppStore|iPhoneSimulator.ActiveCfg = Debug|Any CPU
		{7519E0F5-1CC6-4096-AA0E-5805A0418AF8}.AppStore|iPhoneSimulator.Build.0 = Debug|Any CPU
		{7519E0F5-1CC6-4096-AA0E-5805A0418AF8}.AppStore|iPhoneSimulator.Deploy.0 = Debug|Any CPU
		{7519E0F5-1CC6-4096-AA0E-5805A0418AF8}.Debug|Any CPU.ActiveCfg = Debug|Any CPU
		{7519E0F5-1CC6-4096-AA0E-5805A0418AF8}.Debug|Any CPU.Build.0 = Debug|Any CPU
		{7519E0F5-1CC6-4096-AA0E-5805A0418AF8}.Debug|Any CPU.Deploy.0 = Debug|Any CPU
		{7519E0F5-1CC6-4096-AA0E-5805A0418AF8}.Debug|iPhone.ActiveCfg = Debug|Any CPU
		{7519E0F5-1CC6-4096-AA0E-5805A0418AF8}.Debug|iPhone.Build.0 = Debug|Any CPU
		{7519E0F5-1CC6-4096-AA0E-5805A0418AF8}.Debug|iPhone.Deploy.0 = Debug|Any CPU
		{7519E0F5-1CC6-4096-AA0E-5805A0418AF8}.Debug|iPhoneSimulator.ActiveCfg = Debug|Any CPU
		{7519E0F5-1CC6-4096-AA0E-5805A0418AF8}.Debug|iPhoneSimulator.Build.0 = Debug|Any CPU
		{7519E0F5-1CC6-4096-AA0E-5805A0418AF8}.Debug|iPhoneSimulator.Deploy.0 = Debug|Any CPU
		{7519E0F5-1CC6-4096-AA0E-5805A0418AF8}.Release|Any CPU.ActiveCfg = Release|Any CPU
		{7519E0F5-1CC6-4096-AA0E-5805A0418AF8}.Release|Any CPU.Build.0 = Release|Any CPU
		{7519E0F5-1CC6-4096-AA0E-5805A0418AF8}.Release|Any CPU.Deploy.0 = Release|Any CPU
		{7519E0F5-1CC6-4096-AA0E-5805A0418AF8}.Release|iPhone.ActiveCfg = Release|Any CPU
		{7519E0F5-1CC6-4096-AA0E-5805A0418AF8}.Release|iPhone.Build.0 = Release|Any CPU
		{7519E0F5-1CC6-4096-AA0E-5805A0418AF8}.Release|iPhone.Deploy.0 = Release|Any CPU
		{7519E0F5-1CC6-4096-AA0E-5805A0418AF8}.Release|iPhoneSimulator.ActiveCfg = Release|Any CPU
		{7519E0F5-1CC6-4096-AA0E-5805A0418AF8}.Release|iPhoneSimulator.Build.0 = Release|Any CPU
		{7519E0F5-1CC6-4096-AA0E-5805A0418AF8}.Release|iPhoneSimulator.Deploy.0 = Release|Any CPU
	EndGlobalSection
	GlobalSection(SolutionProperties) = preSolution
		HideSolutionNode = FALSE
	EndGlobalSection
	GlobalSection(ExtensibilityGlobals) = postSolution
		SolutionGuid = {E6951F6E-CC59-4E91-928F-4BD2E037FEA4}
	EndGlobalSection
EndGlobal
